Microsoft Visual Studio Solution File, Format Version 8.00
Project("{8BC9CEB8-8B4A-11D0-8D11-00A0C91BC942}") = "ReadFileToArray", "ReadFileToArray.vcproj", "{D4C14E65-64BA-41DD-8F41-C4C621FF553E}"
	ProjectSection(ProjectDependencies) = postProject
	EndProjectSection
EndProject
Global
	GlobalSection(SolutionConfiguration) = preSolution
		Debug = Debug
		Release = Release
	EndGlobalSection
	GlobalSection(ProjectConfiguration) = postSolution
		{D4C14E65-64BA-41DD-8F41-C4C621FF553E}.Debug.ActiveCfg = Debug|Win32
		{D4C14E65-64BA-41DD-8F41-C4C621FF553E}.Debug.Build.0 = Debug|Win32
		{D4C14E65-64BA-41DD-8F41-C4C621FF553E}.Release.ActiveCfg = Release|Win32
		{D4C14E65-64BA-41DD-8F41-C4C621FF553E}.Release.Build.0 = Release|Win32
	EndGlobalSection
	GlobalSection(ExtensibilityGlobals) = postSolution
	EndGlobalSection
	GlobalSection(ExtensibilityAddIns) = postSolution
	EndGlobalSection
EndGlobal
