Microsoft Visual Studio Solution File, Format Version 8.00
Project("{8BC9CEB8-8B4A-11D0-8D11-00A0C91BC942}") = "server", "server\server.vcproj", "{E012E6BE-0D0C-43E3-9DB9-1FEBE1DF4DA3}"
	ProjectSection(ProjectDependencies) = postProject
	EndProjectSection
EndProject
Project("{8BC9CEB8-8B4A-11D0-8D11-00A0C91BC942}") = "client", "client\client.vcproj", "{E58FE40A-1A2F-4C28-9FD8-BFF834280747}"
	ProjectSection(ProjectDependencies) = postProject
	EndProjectSection
EndProject
Global
	GlobalSection(SolutionConfiguration) = preSolution
		Debug = Debug
		Release = Release
	EndGlobalSection
	GlobalSection(ProjectConfiguration) = postSolution
		{E012E6BE-0D0C-43E3-9DB9-1FEBE1DF4DA3}.Debug.ActiveCfg = Debug|Win32
		{E012E6BE-0D0C-43E3-9DB9-1FEBE1DF4DA3}.Debug.Build.0 = Debug|Win32
		{E012E6BE-0D0C-43E3-9DB9-1FEBE1DF4DA3}.Release.ActiveCfg = Release|Win32
		{E012E6BE-0D0C-43E3-9DB9-1FEBE1DF4DA3}.Release.Build.0 = Release|Win32
		{E58FE40A-1A2F-4C28-9FD8-BFF834280747}.Debug.ActiveCfg = Debug|Win32
		{E58FE40A-1A2F-4C28-9FD8-BFF834280747}.Debug.Build.0 = Debug|Win32
		{E58FE40A-1A2F-4C28-9FD8-BFF834280747}.Release.ActiveCfg = Release|Win32
		{E58FE40A-1A2F-4C28-9FD8-BFF834280747}.Release.Build.0 = Release|Win32
	EndGlobalSection
	GlobalSection(ExtensibilityGlobals) = postSolution
	EndGlobalSection
	GlobalSection(ExtensibilityAddIns) = postSolution
	EndGlobalSection
EndGlobal
