
Microsoft Visual Studio Solution File, Format Version 10.00
# Visual Studio 2008
Project("{8BC9CEB8-8B4A-11D0-8D11-00A0C91BC942}") = "Apputility2008", "libproject\Apputility\Apputility2008.vcproj", "{950E97E5-8DCB-44E9-9237-9A4DEF89E925}"
EndProject
Project("{8BC9CEB8-8B4A-11D0-8D11-00A0C91BC942}") = "ApputilityMT2008", "libproject\MTlib\ApputilityMT2008.vcproj", "{850E07E5-8AEA-42C9-9537-9A4DEF89E925}"
EndProject
Project("{8BC9CEB8-8B4A-11D0-8D11-00A0C91BC942}") = "UtilityMTS2008", "libproject\MTlib\UtilityMTS2008.vcproj", "{A8763B70-FD22-44D3-A314-25036950F638}"
EndProject
Project("{8BC9CEB8-8B4A-11D0-8D11-00A0C91BC942}") = "crypt2008", "libproject\crypt\crypt2008.vcproj", "{C99B0EB6-4E0D-48A0-A3A6-CF82F903AB5A}"
EndProject
Project("{8BC9CEB8-8B4A-11D0-8D11-00A0C91BC942}") = "Hardware2008", "libproject\Hardware\Hardware2008.vcproj", "{EC65E27D-9148-41F4-BAB3-1C6E78F6419A}"
EndProject
Global
	GlobalSection(SolutionConfigurationPlatforms) = preSolution
		Debug|Win32 = Debug|Win32
		Release|Win32 = Release|Win32
	EndGlobalSection
	GlobalSection(ProjectConfigurationPlatforms) = postSolution
		{950E97E5-8DCB-44E9-9237-9A4DEF89E925}.Debug|Win32.ActiveCfg = Debug|Win32
		{950E97E5-8DCB-44E9-9237-9A4DEF89E925}.Debug|Win32.Build.0 = Debug|Win32
		{950E97E5-8DCB-44E9-9237-9A4DEF89E925}.Release|Win32.ActiveCfg = Release|Win32
		{950E97E5-8DCB-44E9-9237-9A4DEF89E925}.Release|Win32.Build.0 = Release|Win32
		{850E07E5-8AEA-42C9-9537-9A4DEF89E925}.Debug|Win32.ActiveCfg = Debug|Win32
		{850E07E5-8AEA-42C9-9537-9A4DEF89E925}.Debug|Win32.Build.0 = Debug|Win32
		{850E07E5-8AEA-42C9-9537-9A4DEF89E925}.Release|Win32.ActiveCfg = Release|Win32
		{850E07E5-8AEA-42C9-9537-9A4DEF89E925}.Release|Win32.Build.0 = Release|Win32
		{A8763B70-FD22-44D3-A314-25036950F638}.Debug|Win32.ActiveCfg = Debug|Win32
		{A8763B70-FD22-44D3-A314-25036950F638}.Debug|Win32.Build.0 = Debug|Win32
		{A8763B70-FD22-44D3-A314-25036950F638}.Release|Win32.ActiveCfg = Release|Win32
		{A8763B70-FD22-44D3-A314-25036950F638}.Release|Win32.Build.0 = Release|Win32
		{C99B0EB6-4E0D-48A0-A3A6-CF82F903AB5A}.Debug|Win32.ActiveCfg = Debug|Win32
		{C99B0EB6-4E0D-48A0-A3A6-CF82F903AB5A}.Debug|Win32.Build.0 = Debug|Win32
		{C99B0EB6-4E0D-48A0-A3A6-CF82F903AB5A}.Release|Win32.ActiveCfg = Release|Win32
		{C99B0EB6-4E0D-48A0-A3A6-CF82F903AB5A}.Release|Win32.Build.0 = Release|Win32
		{EC65E27D-9148-41F4-BAB3-1C6E78F6419A}.Debug|Win32.ActiveCfg = Debug|Win32
		{EC65E27D-9148-41F4-BAB3-1C6E78F6419A}.Debug|Win32.Build.0 = Debug|Win32
		{EC65E27D-9148-41F4-BAB3-1C6E78F6419A}.Release|Win32.ActiveCfg = Release|Win32
		{EC65E27D-9148-41F4-BAB3-1C6E78F6419A}.Release|Win32.Build.0 = Release|Win32
	EndGlobalSection
	GlobalSection(SolutionProperties) = preSolution
		HideSolutionNode = FALSE
	EndGlobalSection
EndGlobal
