Microsoft Visual Studio Solution File, Format Version 8.00
Project("{8BC9CEB8-8B4A-11D0-8D11-00A0C91BC942}") = "TestUtility", "test\TestUtility\TestUtility2003.vcproj", "{79E7D7DC-5A14-4D2B-8D19-47B949C13744}"
	ProjectSection(ProjectDependencies) = postProject
	EndProjectSection
EndProject
Project("{8BC9CEB8-8B4A-11D0-8D11-00A0C91BC942}") = "TestSetting", "test\testSetting\testSetting2003.vcproj", "{401DE4AD-03DE-4A26-BDC6-F122B9054622}"
	ProjectSection(ProjectDependencies) = postProject
	EndProjectSection
EndProject
Project("{8BC9CEB8-8B4A-11D0-8D11-00A0C91BC942}") = "TestSelectIO", "test\TestSelectIO\TestSelectIO2003.vcproj", "{08BB70AD-DD8F-4547-891E-D7080499F9F5}"
	ProjectSection(ProjectDependencies) = postProject
	EndProjectSection
EndProject
Project("{8BC9CEB8-8B4A-11D0-8D11-00A0C91BC942}") = "TestFilterSetting", "test\TestFilterSetting\TestFilterSetting2003.vcproj", "{78D777F3-0C50-4903-A4DB-F7F9CB9D191C}"
	ProjectSection(ProjectDependencies) = postProject
	EndProjectSection
EndProject
Project("{8BC9CEB8-8B4A-11D0-8D11-00A0C91BC942}") = "TestCrypt", "test\testCrypt\testCrypt.vcproj", "{42C9DD20-2E26-4EEA-9091-E3C0C2AB93B4}"
	ProjectSection(ProjectDependencies) = postProject
	EndProjectSection
EndProject
Project("{8BC9CEB8-8B4A-11D0-8D11-00A0C91BC942}") = "TestAppUtility", "test\TestAppUtility\TestApputility.vcproj", "{82442190-6EDE-4A41-8282-119A5F796AA8}"
	ProjectSection(ProjectDependencies) = postProject
	EndProjectSection
EndProject
Project("{8BC9CEB8-8B4A-11D0-8D11-00A0C91BC942}") = "TestHistoryContent", "test\TestHistoryContent\TestHistoryContent.vcproj", "{B1F97CC3-921C-45F6-99FE-7B9EF5BCE834}"
	ProjectSection(ProjectDependencies) = postProject
	EndProjectSection
EndProject
Project("{8BC9CEB8-8B4A-11D0-8D11-00A0C91BC942}") = "TestSoftwareEncrypt", "test\TestSoftwareEncrypt\TestSoftwareEncrypt.vcproj", "{0B5E78ED-3E0A-4DBE-B590-B283DBF8D98C}"
	ProjectSection(ProjectDependencies) = postProject
	EndProjectSection
EndProject
Project("{8BC9CEB8-8B4A-11D0-8D11-00A0C91BC942}") = "Selectio", "test\TestSelectIO\selectio2003.vcproj", "{9DBE4172-DCAE-4D27-8131-7B16A30D149A}"
	ProjectSection(ProjectDependencies) = postProject
	EndProjectSection
EndProject
Global
	GlobalSection(SolutionConfiguration) = preSolution
		Debug = Debug
		Debug Unicode = Debug Unicode
		Release = Release
		Release Unicode = Release Unicode
	EndGlobalSection
	GlobalSection(ProjectDependencies) = postSolution
	EndGlobalSection
	GlobalSection(ProjectConfiguration) = postSolution
		{79E7D7DC-5A14-4D2B-8D19-47B949C13744}.Debug.ActiveCfg = Debug|Win32
		{79E7D7DC-5A14-4D2B-8D19-47B949C13744}.Debug.Build.0 = Debug|Win32
		{79E7D7DC-5A14-4D2B-8D19-47B949C13744}.Debug Unicode.ActiveCfg = Debug|Win32
		{79E7D7DC-5A14-4D2B-8D19-47B949C13744}.Debug Unicode.Build.0 = Debug|Win32
		{79E7D7DC-5A14-4D2B-8D19-47B949C13744}.Release.ActiveCfg = Release|Win32
		{79E7D7DC-5A14-4D2B-8D19-47B949C13744}.Release.Build.0 = Release|Win32
		{79E7D7DC-5A14-4D2B-8D19-47B949C13744}.Release Unicode.ActiveCfg = Release|Win32
		{79E7D7DC-5A14-4D2B-8D19-47B949C13744}.Release Unicode.Build.0 = Release|Win32
		{401DE4AD-03DE-4A26-BDC6-F122B9054622}.Debug.ActiveCfg = Debug|Win32
		{401DE4AD-03DE-4A26-BDC6-F122B9054622}.Debug.Build.0 = Debug|Win32
		{401DE4AD-03DE-4A26-BDC6-F122B9054622}.Debug Unicode.ActiveCfg = Debug|Win32
		{401DE4AD-03DE-4A26-BDC6-F122B9054622}.Debug Unicode.Build.0 = Debug|Win32
		{401DE4AD-03DE-4A26-BDC6-F122B9054622}.Release.ActiveCfg = Release|Win32
		{401DE4AD-03DE-4A26-BDC6-F122B9054622}.Release.Build.0 = Release|Win32
		{401DE4AD-03DE-4A26-BDC6-F122B9054622}.Release Unicode.ActiveCfg = Release|Win32
		{401DE4AD-03DE-4A26-BDC6-F122B9054622}.Release Unicode.Build.0 = Release|Win32
		{08BB70AD-DD8F-4547-891E-D7080499F9F5}.Debug.ActiveCfg = Debug|Win32
		{08BB70AD-DD8F-4547-891E-D7080499F9F5}.Debug.Build.0 = Debug|Win32
		{08BB70AD-DD8F-4547-891E-D7080499F9F5}.Debug Unicode.ActiveCfg = Debug|Win32
		{08BB70AD-DD8F-4547-891E-D7080499F9F5}.Debug Unicode.Build.0 = Debug|Win32
		{08BB70AD-DD8F-4547-891E-D7080499F9F5}.Release.ActiveCfg = Release|Win32
		{08BB70AD-DD8F-4547-891E-D7080499F9F5}.Release.Build.0 = Release|Win32
		{08BB70AD-DD8F-4547-891E-D7080499F9F5}.Release Unicode.ActiveCfg = Release|Win32
		{08BB70AD-DD8F-4547-891E-D7080499F9F5}.Release Unicode.Build.0 = Release|Win32
		{78D777F3-0C50-4903-A4DB-F7F9CB9D191C}.Debug.ActiveCfg = Debug|Win32
		{78D777F3-0C50-4903-A4DB-F7F9CB9D191C}.Debug.Build.0 = Debug|Win32
		{78D777F3-0C50-4903-A4DB-F7F9CB9D191C}.Debug Unicode.ActiveCfg = Debug|Win32
		{78D777F3-0C50-4903-A4DB-F7F9CB9D191C}.Debug Unicode.Build.0 = Debug|Win32
		{78D777F3-0C50-4903-A4DB-F7F9CB9D191C}.Release.ActiveCfg = Release|Win32
		{78D777F3-0C50-4903-A4DB-F7F9CB9D191C}.Release.Build.0 = Release|Win32
		{78D777F3-0C50-4903-A4DB-F7F9CB9D191C}.Release Unicode.ActiveCfg = Release|Win32
		{78D777F3-0C50-4903-A4DB-F7F9CB9D191C}.Release Unicode.Build.0 = Release|Win32
		{42C9DD20-2E26-4EEA-9091-E3C0C2AB93B4}.Debug.ActiveCfg = Debug|Win32
		{42C9DD20-2E26-4EEA-9091-E3C0C2AB93B4}.Debug.Build.0 = Debug|Win32
		{42C9DD20-2E26-4EEA-9091-E3C0C2AB93B4}.Debug Unicode.ActiveCfg = Debug|Win32
		{42C9DD20-2E26-4EEA-9091-E3C0C2AB93B4}.Debug Unicode.Build.0 = Debug|Win32
		{42C9DD20-2E26-4EEA-9091-E3C0C2AB93B4}.Release.ActiveCfg = Release|Win32
		{42C9DD20-2E26-4EEA-9091-E3C0C2AB93B4}.Release.Build.0 = Release|Win32
		{42C9DD20-2E26-4EEA-9091-E3C0C2AB93B4}.Release Unicode.ActiveCfg = Release|Win32
		{42C9DD20-2E26-4EEA-9091-E3C0C2AB93B4}.Release Unicode.Build.0 = Release|Win32
		{82442190-6EDE-4A41-8282-119A5F796AA8}.Debug.ActiveCfg = Debug|Win32
		{82442190-6EDE-4A41-8282-119A5F796AA8}.Debug.Build.0 = Debug|Win32
		{82442190-6EDE-4A41-8282-119A5F796AA8}.Debug Unicode.ActiveCfg = Debug|Win32
		{82442190-6EDE-4A41-8282-119A5F796AA8}.Debug Unicode.Build.0 = Debug|Win32
		{82442190-6EDE-4A41-8282-119A5F796AA8}.Release.ActiveCfg = Release|Win32
		{82442190-6EDE-4A41-8282-119A5F796AA8}.Release.Build.0 = Release|Win32
		{82442190-6EDE-4A41-8282-119A5F796AA8}.Release Unicode.ActiveCfg = Release|Win32
		{82442190-6EDE-4A41-8282-119A5F796AA8}.Release Unicode.Build.0 = Release|Win32
		{B1F97CC3-921C-45F6-99FE-7B9EF5BCE834}.Debug.ActiveCfg = Debug|Win32
		{B1F97CC3-921C-45F6-99FE-7B9EF5BCE834}.Debug.Build.0 = Debug|Win32
		{B1F97CC3-921C-45F6-99FE-7B9EF5BCE834}.Debug Unicode.ActiveCfg = Debug|Win32
		{B1F97CC3-921C-45F6-99FE-7B9EF5BCE834}.Debug Unicode.Build.0 = Debug|Win32
		{B1F97CC3-921C-45F6-99FE-7B9EF5BCE834}.Release.ActiveCfg = Release|Win32
		{B1F97CC3-921C-45F6-99FE-7B9EF5BCE834}.Release.Build.0 = Release|Win32
		{B1F97CC3-921C-45F6-99FE-7B9EF5BCE834}.Release Unicode.ActiveCfg = Release|Win32
		{B1F97CC3-921C-45F6-99FE-7B9EF5BCE834}.Release Unicode.Build.0 = Release|Win32
		{0B5E78ED-3E0A-4DBE-B590-B283DBF8D98C}.Debug.ActiveCfg = Debug|Win32
		{0B5E78ED-3E0A-4DBE-B590-B283DBF8D98C}.Debug.Build.0 = Debug|Win32
		{0B5E78ED-3E0A-4DBE-B590-B283DBF8D98C}.Debug Unicode.ActiveCfg = Debug|Win32
		{0B5E78ED-3E0A-4DBE-B590-B283DBF8D98C}.Debug Unicode.Build.0 = Debug|Win32
		{0B5E78ED-3E0A-4DBE-B590-B283DBF8D98C}.Release.ActiveCfg = Release|Win32
		{0B5E78ED-3E0A-4DBE-B590-B283DBF8D98C}.Release.Build.0 = Release|Win32
		{0B5E78ED-3E0A-4DBE-B590-B283DBF8D98C}.Release Unicode.ActiveCfg = Release|Win32
		{0B5E78ED-3E0A-4DBE-B590-B283DBF8D98C}.Release Unicode.Build.0 = Release|Win32
		{9DBE4172-DCAE-4D27-8131-7B16A30D149A}.Debug.ActiveCfg = Debug|Win32
		{9DBE4172-DCAE-4D27-8131-7B16A30D149A}.Debug.Build.0 = Debug|Win32
		{9DBE4172-DCAE-4D27-8131-7B16A30D149A}.Debug Unicode.ActiveCfg = Debug|Win32
		{9DBE4172-DCAE-4D27-8131-7B16A30D149A}.Debug Unicode.Build.0 = Debug|Win32
		{9DBE4172-DCAE-4D27-8131-7B16A30D149A}.Release.ActiveCfg = Release|Win32
		{9DBE4172-DCAE-4D27-8131-7B16A30D149A}.Release.Build.0 = Release|Win32
		{9DBE4172-DCAE-4D27-8131-7B16A30D149A}.Release Unicode.ActiveCfg = Release|Win32
		{9DBE4172-DCAE-4D27-8131-7B16A30D149A}.Release Unicode.Build.0 = Release|Win32
	EndGlobalSection
	GlobalSection(ExtensibilityGlobals) = postSolution
	EndGlobalSection
	GlobalSection(ExtensibilityAddIns) = postSolution
	EndGlobalSection
EndGlobal
