Microsoft Visual Studio Solution File, Format Version 8.00
Project("{8BC9CEB8-8B4A-11D0-8D11-00A0C91BC942}") = "log4cpp", "log4cpp\log4cpp.vcproj", "{62E94785-72DC-4EC4-8E36-5C2256907B35}"
	ProjectSection(ProjectDependencies) = postProject
	EndProjectSection
EndProject
Project("{8BC9CEB8-8B4A-11D0-8D11-00A0C91BC942}") = "log4cppDLL", "log4cppDLL\log4cppDLL.vcproj", "{71C00541-9D5E-4761-B77E-C4657B64D5AC}"
	ProjectSection(ProjectDependencies) = postProject
	EndProjectSection
EndProject
Project("{8BC9CEB8-8B4A-11D0-8D11-00A0C91BC942}") = "testCategory", "testCategory\testCategory.vcproj", "{9D9C082C-2010-43AF-B201-0B3A4064B7E2}"
	ProjectSection(ProjectDependencies) = postProject
		{62E94785-72DC-4EC4-8E36-5C2256907B35} = {62E94785-72DC-4EC4-8E36-5C2256907B35}
	EndProjectSection
EndProject
Project("{8BC9CEB8-8B4A-11D0-8D11-00A0C91BC942}") = "testMain", "testMain\testMain.vcproj", "{10697AB9-1A46-4F11-A642-7A78D18609E5}"
	ProjectSection(ProjectDependencies) = postProject
		{71C00541-9D5E-4761-B77E-C4657B64D5AC} = {71C00541-9D5E-4761-B77E-C4657B64D5AC}
		{62E94785-72DC-4EC4-8E36-5C2256907B35} = {62E94785-72DC-4EC4-8E36-5C2256907B35}
	EndProjectSection
EndProject
Project("{8BC9CEB8-8B4A-11D0-8D11-00A0C91BC942}") = "testNDC", "testNDC\testNDC.vcproj", "{9E24E771-E6A5-43F0-8BD1-D293D064810D}"
	ProjectSection(ProjectDependencies) = postProject
	EndProjectSection
EndProject
Project("{8BC9CEB8-8B4A-11D0-8D11-00A0C91BC942}") = "testNTEventLog", "testNTEventLog\testNTEventLog.vcproj", "{BEB00960-24FD-4E69-BD00-48C4FDF0475E}"
	ProjectSection(ProjectDependencies) = postProject
	EndProjectSection
EndProject
Project("{8BC9CEB8-8B4A-11D0-8D11-00A0C91BC942}") = "testPattern", "testPattern\testPattern.vcproj", "{380E0B8C-600F-4594-81BC-4E34E6F7CBE8}"
	ProjectSection(ProjectDependencies) = postProject
		{62E94785-72DC-4EC4-8E36-5C2256907B35} = {62E94785-72DC-4EC4-8E36-5C2256907B35}
	EndProjectSection
EndProject
Global
	GlobalSection(SolutionConfiguration) = preSolution
		Debug = Debug
		Release = Release
	EndGlobalSection
	GlobalSection(ProjectConfiguration) = postSolution
		{62E94785-72DC-4EC4-8E36-5C2256907B35}.Debug.ActiveCfg = Debug|Win32
		{62E94785-72DC-4EC4-8E36-5C2256907B35}.Debug.Build.0 = Debug|Win32
		{62E94785-72DC-4EC4-8E36-5C2256907B35}.Release.ActiveCfg = Release|Win32
		{62E94785-72DC-4EC4-8E36-5C2256907B35}.Release.Build.0 = Release|Win32
		{71C00541-9D5E-4761-B77E-C4657B64D5AC}.Debug.ActiveCfg = Debug|Win32
		{71C00541-9D5E-4761-B77E-C4657B64D5AC}.Debug.Build.0 = Debug|Win32
		{71C00541-9D5E-4761-B77E-C4657B64D5AC}.Release.ActiveCfg = Release|Win32
		{71C00541-9D5E-4761-B77E-C4657B64D5AC}.Release.Build.0 = Release|Win32
		{9D9C082C-2010-43AF-B201-0B3A4064B7E2}.Debug.ActiveCfg = Debug|Win32
		{9D9C082C-2010-43AF-B201-0B3A4064B7E2}.Debug.Build.0 = Debug|Win32
		{9D9C082C-2010-43AF-B201-0B3A4064B7E2}.Release.ActiveCfg = Release|Win32
		{9D9C082C-2010-43AF-B201-0B3A4064B7E2}.Release.Build.0 = Release|Win32
		{10697AB9-1A46-4F11-A642-7A78D18609E5}.Debug.ActiveCfg = Debug|Win32
		{10697AB9-1A46-4F11-A642-7A78D18609E5}.Debug.Build.0 = Debug|Win32
		{10697AB9-1A46-4F11-A642-7A78D18609E5}.Release.ActiveCfg = Release|Win32
		{10697AB9-1A46-4F11-A642-7A78D18609E5}.Release.Build.0 = Release|Win32
		{9E24E771-E6A5-43F0-8BD1-D293D064810D}.Debug.ActiveCfg = Debug|Win32
		{9E24E771-E6A5-43F0-8BD1-D293D064810D}.Debug.Build.0 = Debug|Win32
		{9E24E771-E6A5-43F0-8BD1-D293D064810D}.Release.ActiveCfg = Release|Win32
		{9E24E771-E6A5-43F0-8BD1-D293D064810D}.Release.Build.0 = Release|Win32
		{BEB00960-24FD-4E69-BD00-48C4FDF0475E}.Debug.ActiveCfg = Debug|Win32
		{BEB00960-24FD-4E69-BD00-48C4FDF0475E}.Debug.Build.0 = Debug|Win32
		{BEB00960-24FD-4E69-BD00-48C4FDF0475E}.Release.ActiveCfg = Release|Win32
		{BEB00960-24FD-4E69-BD00-48C4FDF0475E}.Release.Build.0 = Release|Win32
		{380E0B8C-600F-4594-81BC-4E34E6F7CBE8}.Debug.ActiveCfg = Debug|Win32
		{380E0B8C-600F-4594-81BC-4E34E6F7CBE8}.Debug.Build.0 = Debug|Win32
		{380E0B8C-600F-4594-81BC-4E34E6F7CBE8}.Release.ActiveCfg = Release|Win32
		{380E0B8C-600F-4594-81BC-4E34E6F7CBE8}.Release.Build.0 = Release|Win32
	EndGlobalSection
	GlobalSection(ExtensibilityGlobals) = postSolution
	EndGlobalSection
	GlobalSection(ExtensibilityAddIns) = postSolution
	EndGlobalSection
EndGlobal
