Microsoft Visual Studio Solution File, Format Version 8.00
Project("{8BC9CEB8-8B4A-11D0-8D11-00A0C91BC942}") = "Selectio", "libproject\selectio\selectio2003.vcproj", "{9DBE4172-DCAE-4D27-8131-7B16A30D149A}"
	ProjectSection(ProjectDependencies) = postProject
		{EA32F86D-3173-4945-8237-7581A0D9CB3C} = {EA32F86D-3173-4945-8237-7581A0D9CB3C}
		{850E07E5-8AEA-42C9-9537-9A4DEF89E925} = {850E07E5-8AEA-42C9-9537-9A4DEF89E925}
	EndProjectSection
EndProject
Project("{8BC9CEB8-8B4A-11D0-8D11-00A0C91BC942}") = "Setting", "libproject\Setting\Setting2003.vcproj", "{CCEEE3B2-3B59-4DE4-B088-2093F3582E42}"
	ProjectSection(ProjectDependencies) = postProject
	EndProjectSection
EndProject
Project("{8BC9CEB8-8B4A-11D0-8D11-00A0C91BC942}") = "Utility", "libproject\Utility\Utility2003.vcproj", "{CD11D86D-3173-4945-8215-7450A0D9CB3C}"
	ProjectSection(ProjectDependencies) = postProject
	EndProjectSection
EndProject
Project("{8BC9CEB8-8B4A-11D0-8D11-00A0C91BC942}") = "FilterSetting", "projects\FilterSetting\FilterSetting2003.vcproj", "{23244EE6-33D9-4D23-8BA7-3AA7CCDAF177}"
	ProjectSection(ProjectDependencies) = postProject
		{50DE1C4B-8A9A-4512-8755-6E8A610E70D3} = {50DE1C4B-8A9A-4512-8755-6E8A610E70D3}
		{CD11D86D-3173-4945-8215-7450A0D9CB3C} = {CD11D86D-3173-4945-8215-7450A0D9CB3C}
		{CCEEE3B2-3B59-4DE4-B088-2093F3582E42} = {CCEEE3B2-3B59-4DE4-B088-2093F3582E42}
		{950E97E5-8DCB-44E9-9237-9A4DEF89E925} = {950E97E5-8DCB-44E9-9237-9A4DEF89E925}
	EndProjectSection
EndProject
Project("{8BC9CEB8-8B4A-11D0-8D11-00A0C91BC942}") = "Family007", "projects\MainUI\MainUI2003.vcproj", "{53CC0F7C-CF16-4AD6-91EB-BE135A677AA9}"
	ProjectSection(ProjectDependencies) = postProject
		{CD11D86D-3173-4945-8215-7450A0D9CB3C} = {CD11D86D-3173-4945-8215-7450A0D9CB3C}
		{CCEEE3B2-3B59-4DE4-B088-2093F3582E42} = {CCEEE3B2-3B59-4DE4-B088-2093F3582E42}
		{950E97E5-8DCB-44E9-9237-9A4DEF89E925} = {950E97E5-8DCB-44E9-9237-9A4DEF89E925}
	EndProjectSection
EndProject
Project("{8BC9CEB8-8B4A-11D0-8D11-00A0C91BC942}") = "Repair", "projects\Repair\Repair2003.vcproj", "{EFEF1557-82DB-4A74-A5C4-A215AE1FE1C9}"
	ProjectSection(ProjectDependencies) = postProject
		{950E97E5-8DCB-44E9-9237-9A4DEF89E925} = {950E97E5-8DCB-44E9-9237-9A4DEF89E925}
	EndProjectSection
EndProject
Project("{8BC9CEB8-8B4A-11D0-8D11-00A0C91BC942}") = "PacketsGrasper", "projects\PacketsGrasper\PacketsGrasper2003.vcproj", "{AC87FE40-8934-49B5-8353-942817AED586}"
	ProjectSection(ProjectDependencies) = postProject
		{EA32F86D-3173-4945-8237-7581A0D9CB3C} = {EA32F86D-3173-4945-8237-7581A0D9CB3C}
		{9DBE4172-DCAE-4D27-8131-7B16A30D149A} = {9DBE4172-DCAE-4D27-8131-7B16A30D149A}
		{850E07E5-8AEA-42C9-9537-9A4DEF89E925} = {850E07E5-8AEA-42C9-9537-9A4DEF89E925}
	EndProjectSection
EndProject
Project("{8BC9CEB8-8B4A-11D0-8D11-00A0C91BC942}") = "WinLockDLL", "libproject\WinLock\WinLockDLL.vcproj", "{D7EE016E-A747-4BAA-A5F0-3034C18D5DD2}"
	ProjectSection(ProjectDependencies) = postProject
	EndProjectSection
EndProject
Project("{8BC9CEB8-8B4A-11D0-8D11-00A0C91BC942}") = "Hardware", "libproject\Hardware\Hardware.vcproj", "{EC65E27D-9148-41F4-BAB3-1C6E78F6419A}"
	ProjectSection(ProjectDependencies) = postProject
	EndProjectSection
EndProject
Project("{8BC9CEB8-8B4A-11D0-8D11-00A0C91BC942}") = "Crypt", "libproject\crypt\crypt.vcproj", "{C99B0EB6-4E0D-48A0-A3A6-CF82F903AB5A}"
	ProjectSection(ProjectDependencies) = postProject
	EndProjectSection
EndProject
Project("{8BC9CEB8-8B4A-11D0-8D11-00A0C91BC942}") = "AppUtility", "libproject\Apputility\Apputility2003.vcproj", "{950E97E5-8DCB-44E9-9237-9A4DEF89E925}"
	ProjectSection(ProjectDependencies) = postProject
		{6F0DED44-0FBB-494F-8C37-C9BB08CD1D1B} = {6F0DED44-0FBB-494F-8C37-C9BB08CD1D1B}
	EndProjectSection
EndProject
Project("{8BC9CEB8-8B4A-11D0-8D11-00A0C91BC942}") = "HistoryContent", "libproject\HistoryContent\HistoryContent.vcproj", "{8DAC3D17-DFD3-4FE0-9751-34BEBF84C21F}"
	ProjectSection(ProjectDependencies) = postProject
	EndProjectSection
EndProject
Project("{8BC9CEB8-8B4A-11D0-8D11-00A0C91BC942}") = "Exts", "shell\exts\exts.vcproj", "{7D3A32EF-F083-4939-80B3-962507FD5170}"
	ProjectSection(ProjectDependencies) = postProject
	EndProjectSection
EndProject
Project("{8BC9CEB8-8B4A-11D0-8D11-00A0C91BC942}") = "ShextUtility", "shell\shextUtility\shextUtility.vcproj", "{6F0DED44-0FBB-494F-8C37-C9BB08CD1D1B}"
	ProjectSection(ProjectDependencies) = postProject
	EndProjectSection
EndProject
Project("{8BC9CEB8-8B4A-11D0-8D11-00A0C91BC942}") = "SoftwareEncrypt", "RegisterUtility\SoftwareEncrypt\SoftwareEncrypt.vcproj", "{9E22A563-69C9-48A7-AFFF-4E3D41077852}"
	ProjectSection(ProjectDependencies) = postProject
	EndProjectSection
EndProject
Project("{8BC9CEB8-8B4A-11D0-8D11-00A0C91BC942}") = "wsut", "libproject\wsut\wsut.vcproj", "{9C126E38-92C9-4960-BB70-DC3139749754}"
	ProjectSection(ProjectDependencies) = postProject
	EndProjectSection
EndProject
Project("{8BC9CEB8-8B4A-11D0-8D11-00A0C91BC942}") = "logger", "libproject\logger\logger.vcproj", "{FB01564A-31CF-4D13-BAA3-82971FC7E8F7}"
	ProjectSection(ProjectDependencies) = postProject
	EndProjectSection
EndProject
Project("{8BC9CEB8-8B4A-11D0-8D11-00A0C91BC942}") = "ScreenRecord", "libproject\ScreenRecord\ScreenRecord2003.vcproj", "{50DE1C4B-8A9A-4512-8755-6E8A610E70D3}"
	ProjectSection(ProjectDependencies) = postProject
	EndProjectSection
EndProject
Project("{8BC9CEB8-8B4A-11D0-8D11-00A0C91BC942}") = "AppUtilityMT", "libproject\MTlib\ApputilityMT2003.vcproj", "{850E07E5-8AEA-42C9-9537-9A4DEF89E925}"
	ProjectSection(ProjectDependencies) = postProject
		{6F0DED44-0FBB-494F-8C37-C9BB08CD1D1B} = {6F0DED44-0FBB-494F-8C37-C9BB08CD1D1B}
	EndProjectSection
EndProject
Project("{8BC9CEB8-8B4A-11D0-8D11-00A0C91BC942}") = "UtilityMT", "libproject\MTlib\UtilityMTS.vcproj", "{EA32F86D-3173-4945-8237-7581A0D9CB3C}"
	ProjectSection(ProjectDependencies) = postProject
	EndProjectSection
EndProject
Project("{8BC9CEB8-8B4A-11D0-8D11-00A0C91BC942}") = "SelectioMD", "libproject\selectio\selectioMD2003.vcproj", "{9DBE4172-DCAE-2E37-8131-7B16C31F250A}"
	ProjectSection(ProjectDependencies) = postProject
	EndProjectSection
EndProject
Project("{8BC9CEB8-8B4A-11D0-8D11-00A0C91BC942}") = "PCCtrller", "projects\PCCtrller\PCCtrller.vcproj", "{55D5B3EC-EDD2-4A6B-9F9D-00A67839ED5A}"
	ProjectSection(ProjectDependencies) = postProject
	EndProjectSection
EndProject
Global
	GlobalSection(SolutionConfiguration) = preSolution
		Debug = Debug
		Debug Unicode = Debug Unicode
		Release = Release
		Release Unicode = Release Unicode
	EndGlobalSection
	GlobalSection(ProjectDependencies) = postSolution
	EndGlobalSection
	GlobalSection(ProjectConfiguration) = postSolution
		{9DBE4172-DCAE-4D27-8131-7B16A30D149A}.Debug.ActiveCfg = Debug|Win32
		{9DBE4172-DCAE-4D27-8131-7B16A30D149A}.Debug.Build.0 = Debug|Win32
		{9DBE4172-DCAE-4D27-8131-7B16A30D149A}.Debug Unicode.ActiveCfg = Debug|Win32
		{9DBE4172-DCAE-4D27-8131-7B16A30D149A}.Debug Unicode.Build.0 = Debug|Win32
		{9DBE4172-DCAE-4D27-8131-7B16A30D149A}.Release.ActiveCfg = Release|Win32
		{9DBE4172-DCAE-4D27-8131-7B16A30D149A}.Release.Build.0 = Release|Win32
		{9DBE4172-DCAE-4D27-8131-7B16A30D149A}.Release Unicode.ActiveCfg = Release|Win32
		{9DBE4172-DCAE-4D27-8131-7B16A30D149A}.Release Unicode.Build.0 = Release|Win32
		{CCEEE3B2-3B59-4DE4-B088-2093F3582E42}.Debug.ActiveCfg = Debug|Win32
		{CCEEE3B2-3B59-4DE4-B088-2093F3582E42}.Debug.Build.0 = Debug|Win32
		{CCEEE3B2-3B59-4DE4-B088-2093F3582E42}.Debug Unicode.ActiveCfg = Debug|Win32
		{CCEEE3B2-3B59-4DE4-B088-2093F3582E42}.Debug Unicode.Build.0 = Debug|Win32
		{CCEEE3B2-3B59-4DE4-B088-2093F3582E42}.Release.ActiveCfg = Release|Win32
		{CCEEE3B2-3B59-4DE4-B088-2093F3582E42}.Release.Build.0 = Release|Win32
		{CCEEE3B2-3B59-4DE4-B088-2093F3582E42}.Release Unicode.ActiveCfg = Release|Win32
		{CCEEE3B2-3B59-4DE4-B088-2093F3582E42}.Release Unicode.Build.0 = Release|Win32
		{CD11D86D-3173-4945-8215-7450A0D9CB3C}.Debug.ActiveCfg = Debug|Win32
		{CD11D86D-3173-4945-8215-7450A0D9CB3C}.Debug.Build.0 = Debug|Win32
		{CD11D86D-3173-4945-8215-7450A0D9CB3C}.Debug Unicode.ActiveCfg = Debug|Win32
		{CD11D86D-3173-4945-8215-7450A0D9CB3C}.Debug Unicode.Build.0 = Debug|Win32
		{CD11D86D-3173-4945-8215-7450A0D9CB3C}.Release.ActiveCfg = Release|Win32
		{CD11D86D-3173-4945-8215-7450A0D9CB3C}.Release.Build.0 = Release|Win32
		{CD11D86D-3173-4945-8215-7450A0D9CB3C}.Release Unicode.ActiveCfg = Release|Win32
		{CD11D86D-3173-4945-8215-7450A0D9CB3C}.Release Unicode.Build.0 = Release|Win32
		{23244EE6-33D9-4D23-8BA7-3AA7CCDAF177}.Debug.ActiveCfg = Debug|Win32
		{23244EE6-33D9-4D23-8BA7-3AA7CCDAF177}.Debug.Build.0 = Debug|Win32
		{23244EE6-33D9-4D23-8BA7-3AA7CCDAF177}.Debug Unicode.ActiveCfg = Debug|Win32
		{23244EE6-33D9-4D23-8BA7-3AA7CCDAF177}.Debug Unicode.Build.0 = Debug|Win32
		{23244EE6-33D9-4D23-8BA7-3AA7CCDAF177}.Release.ActiveCfg = Release|Win32
		{23244EE6-33D9-4D23-8BA7-3AA7CCDAF177}.Release.Build.0 = Release|Win32
		{23244EE6-33D9-4D23-8BA7-3AA7CCDAF177}.Release Unicode.ActiveCfg = Release|Win32
		{23244EE6-33D9-4D23-8BA7-3AA7CCDAF177}.Release Unicode.Build.0 = Release|Win32
		{53CC0F7C-CF16-4AD6-91EB-BE135A677AA9}.Debug.ActiveCfg = Debug|Win32
		{53CC0F7C-CF16-4AD6-91EB-BE135A677AA9}.Debug.Build.0 = Debug|Win32
		{53CC0F7C-CF16-4AD6-91EB-BE135A677AA9}.Debug Unicode.ActiveCfg = Debug|Win32
		{53CC0F7C-CF16-4AD6-91EB-BE135A677AA9}.Debug Unicode.Build.0 = Debug|Win32
		{53CC0F7C-CF16-4AD6-91EB-BE135A677AA9}.Release.ActiveCfg = Release|Win32
		{53CC0F7C-CF16-4AD6-91EB-BE135A677AA9}.Release.Build.0 = Release|Win32
		{53CC0F7C-CF16-4AD6-91EB-BE135A677AA9}.Release Unicode.ActiveCfg = Release|Win32
		{53CC0F7C-CF16-4AD6-91EB-BE135A677AA9}.Release Unicode.Build.0 = Release|Win32
		{EFEF1557-82DB-4A74-A5C4-A215AE1FE1C9}.Debug.ActiveCfg = Debug|Win32
		{EFEF1557-82DB-4A74-A5C4-A215AE1FE1C9}.Debug.Build.0 = Debug|Win32
		{EFEF1557-82DB-4A74-A5C4-A215AE1FE1C9}.Debug Unicode.ActiveCfg = Debug|Win32
		{EFEF1557-82DB-4A74-A5C4-A215AE1FE1C9}.Debug Unicode.Build.0 = Debug|Win32
		{EFEF1557-82DB-4A74-A5C4-A215AE1FE1C9}.Release.ActiveCfg = Release|Win32
		{EFEF1557-82DB-4A74-A5C4-A215AE1FE1C9}.Release.Build.0 = Release|Win32
		{EFEF1557-82DB-4A74-A5C4-A215AE1FE1C9}.Release Unicode.ActiveCfg = Release|Win32
		{EFEF1557-82DB-4A74-A5C4-A215AE1FE1C9}.Release Unicode.Build.0 = Release|Win32
		{AC87FE40-8934-49B5-8353-942817AED586}.Debug.ActiveCfg = Debug|Win32
		{AC87FE40-8934-49B5-8353-942817AED586}.Debug.Build.0 = Debug|Win32
		{AC87FE40-8934-49B5-8353-942817AED586}.Debug Unicode.ActiveCfg = Debug|Win32
		{AC87FE40-8934-49B5-8353-942817AED586}.Debug Unicode.Build.0 = Debug|Win32
		{AC87FE40-8934-49B5-8353-942817AED586}.Release.ActiveCfg = Release|Win32
		{AC87FE40-8934-49B5-8353-942817AED586}.Release.Build.0 = Release|Win32
		{AC87FE40-8934-49B5-8353-942817AED586}.Release Unicode.ActiveCfg = Release|Win32
		{AC87FE40-8934-49B5-8353-942817AED586}.Release Unicode.Build.0 = Release|Win32
		{D7EE016E-A747-4BAA-A5F0-3034C18D5DD2}.Debug.ActiveCfg = Debug|Win32
		{D7EE016E-A747-4BAA-A5F0-3034C18D5DD2}.Debug.Build.0 = Debug|Win32
		{D7EE016E-A747-4BAA-A5F0-3034C18D5DD2}.Debug Unicode.ActiveCfg = Debug|Win32
		{D7EE016E-A747-4BAA-A5F0-3034C18D5DD2}.Debug Unicode.Build.0 = Debug|Win32
		{D7EE016E-A747-4BAA-A5F0-3034C18D5DD2}.Release.ActiveCfg = Release|Win32
		{D7EE016E-A747-4BAA-A5F0-3034C18D5DD2}.Release.Build.0 = Release|Win32
		{D7EE016E-A747-4BAA-A5F0-3034C18D5DD2}.Release Unicode.ActiveCfg = Release|Win32
		{D7EE016E-A747-4BAA-A5F0-3034C18D5DD2}.Release Unicode.Build.0 = Release|Win32
		{EC65E27D-9148-41F4-BAB3-1C6E78F6419A}.Debug.ActiveCfg = Debug|Win32
		{EC65E27D-9148-41F4-BAB3-1C6E78F6419A}.Debug.Build.0 = Debug|Win32
		{EC65E27D-9148-41F4-BAB3-1C6E78F6419A}.Debug Unicode.ActiveCfg = Debug|Win32
		{EC65E27D-9148-41F4-BAB3-1C6E78F6419A}.Debug Unicode.Build.0 = Debug|Win32
		{EC65E27D-9148-41F4-BAB3-1C6E78F6419A}.Release.ActiveCfg = Release|Win32
		{EC65E27D-9148-41F4-BAB3-1C6E78F6419A}.Release.Build.0 = Release|Win32
		{EC65E27D-9148-41F4-BAB3-1C6E78F6419A}.Release Unicode.ActiveCfg = Release|Win32
		{EC65E27D-9148-41F4-BAB3-1C6E78F6419A}.Release Unicode.Build.0 = Release|Win32
		{C99B0EB6-4E0D-48A0-A3A6-CF82F903AB5A}.Debug.ActiveCfg = Debug|Win32
		{C99B0EB6-4E0D-48A0-A3A6-CF82F903AB5A}.Debug.Build.0 = Debug|Win32
		{C99B0EB6-4E0D-48A0-A3A6-CF82F903AB5A}.Debug Unicode.ActiveCfg = Debug|Win32
		{C99B0EB6-4E0D-48A0-A3A6-CF82F903AB5A}.Debug Unicode.Build.0 = Debug|Win32
		{C99B0EB6-4E0D-48A0-A3A6-CF82F903AB5A}.Release.ActiveCfg = Release|Win32
		{C99B0EB6-4E0D-48A0-A3A6-CF82F903AB5A}.Release.Build.0 = Release|Win32
		{C99B0EB6-4E0D-48A0-A3A6-CF82F903AB5A}.Release Unicode.ActiveCfg = Release|Win32
		{C99B0EB6-4E0D-48A0-A3A6-CF82F903AB5A}.Release Unicode.Build.0 = Release|Win32
		{950E97E5-8DCB-44E9-9237-9A4DEF89E925}.Debug.ActiveCfg = Debug|Win32
		{950E97E5-8DCB-44E9-9237-9A4DEF89E925}.Debug.Build.0 = Debug|Win32
		{950E97E5-8DCB-44E9-9237-9A4DEF89E925}.Debug Unicode.ActiveCfg = Debug|Win32
		{950E97E5-8DCB-44E9-9237-9A4DEF89E925}.Debug Unicode.Build.0 = Debug|Win32
		{950E97E5-8DCB-44E9-9237-9A4DEF89E925}.Release.ActiveCfg = Release|Win32
		{950E97E5-8DCB-44E9-9237-9A4DEF89E925}.Release.Build.0 = Release|Win32
		{950E97E5-8DCB-44E9-9237-9A4DEF89E925}.Release Unicode.ActiveCfg = Release|Win32
		{950E97E5-8DCB-44E9-9237-9A4DEF89E925}.Release Unicode.Build.0 = Release|Win32
		{8DAC3D17-DFD3-4FE0-9751-34BEBF84C21F}.Debug.ActiveCfg = Debug|Win32
		{8DAC3D17-DFD3-4FE0-9751-34BEBF84C21F}.Debug.Build.0 = Debug|Win32
		{8DAC3D17-DFD3-4FE0-9751-34BEBF84C21F}.Debug Unicode.ActiveCfg = Debug|Win32
		{8DAC3D17-DFD3-4FE0-9751-34BEBF84C21F}.Debug Unicode.Build.0 = Debug|Win32
		{8DAC3D17-DFD3-4FE0-9751-34BEBF84C21F}.Release.ActiveCfg = Release|Win32
		{8DAC3D17-DFD3-4FE0-9751-34BEBF84C21F}.Release.Build.0 = Release|Win32
		{8DAC3D17-DFD3-4FE0-9751-34BEBF84C21F}.Release Unicode.ActiveCfg = Release|Win32
		{8DAC3D17-DFD3-4FE0-9751-34BEBF84C21F}.Release Unicode.Build.0 = Release|Win32
		{7D3A32EF-F083-4939-80B3-962507FD5170}.Debug.ActiveCfg = Debug|Win32
		{7D3A32EF-F083-4939-80B3-962507FD5170}.Debug.Build.0 = Debug|Win32
		{7D3A32EF-F083-4939-80B3-962507FD5170}.Debug Unicode.ActiveCfg = Debug|Win32
		{7D3A32EF-F083-4939-80B3-962507FD5170}.Debug Unicode.Build.0 = Debug|Win32
		{7D3A32EF-F083-4939-80B3-962507FD5170}.Release.ActiveCfg = Release|Win32
		{7D3A32EF-F083-4939-80B3-962507FD5170}.Release.Build.0 = Release|Win32
		{7D3A32EF-F083-4939-80B3-962507FD5170}.Release Unicode.ActiveCfg = Release|Win32
		{7D3A32EF-F083-4939-80B3-962507FD5170}.Release Unicode.Build.0 = Release|Win32
		{6F0DED44-0FBB-494F-8C37-C9BB08CD1D1B}.Debug.ActiveCfg = Debug|Win32
		{6F0DED44-0FBB-494F-8C37-C9BB08CD1D1B}.Debug.Build.0 = Debug|Win32
		{6F0DED44-0FBB-494F-8C37-C9BB08CD1D1B}.Debug Unicode.ActiveCfg = Debug|Win32
		{6F0DED44-0FBB-494F-8C37-C9BB08CD1D1B}.Debug Unicode.Build.0 = Debug|Win32
		{6F0DED44-0FBB-494F-8C37-C9BB08CD1D1B}.Release.ActiveCfg = Release|Win32
		{6F0DED44-0FBB-494F-8C37-C9BB08CD1D1B}.Release.Build.0 = Release|Win32
		{6F0DED44-0FBB-494F-8C37-C9BB08CD1D1B}.Release Unicode.ActiveCfg = Release|Win32
		{6F0DED44-0FBB-494F-8C37-C9BB08CD1D1B}.Release Unicode.Build.0 = Release|Win32
		{9E22A563-69C9-48A7-AFFF-4E3D41077852}.Debug.ActiveCfg = Debug|Win32
		{9E22A563-69C9-48A7-AFFF-4E3D41077852}.Debug.Build.0 = Debug|Win32
		{9E22A563-69C9-48A7-AFFF-4E3D41077852}.Debug Unicode.ActiveCfg = Debug|Win32
		{9E22A563-69C9-48A7-AFFF-4E3D41077852}.Debug Unicode.Build.0 = Debug|Win32
		{9E22A563-69C9-48A7-AFFF-4E3D41077852}.Release.ActiveCfg = Release|Win32
		{9E22A563-69C9-48A7-AFFF-4E3D41077852}.Release.Build.0 = Release|Win32
		{9E22A563-69C9-48A7-AFFF-4E3D41077852}.Release Unicode.ActiveCfg = Release|Win32
		{9E22A563-69C9-48A7-AFFF-4E3D41077852}.Release Unicode.Build.0 = Release|Win32
		{9C126E38-92C9-4960-BB70-DC3139749754}.Debug.ActiveCfg = Debug|Win32
		{9C126E38-92C9-4960-BB70-DC3139749754}.Debug.Build.0 = Debug|Win32
		{9C126E38-92C9-4960-BB70-DC3139749754}.Debug Unicode.ActiveCfg = Debug|Win32
		{9C126E38-92C9-4960-BB70-DC3139749754}.Debug Unicode.Build.0 = Debug|Win32
		{9C126E38-92C9-4960-BB70-DC3139749754}.Release.ActiveCfg = Release|Win32
		{9C126E38-92C9-4960-BB70-DC3139749754}.Release.Build.0 = Release|Win32
		{9C126E38-92C9-4960-BB70-DC3139749754}.Release Unicode.ActiveCfg = Release|Win32
		{9C126E38-92C9-4960-BB70-DC3139749754}.Release Unicode.Build.0 = Release|Win32
		{FB01564A-31CF-4D13-BAA3-82971FC7E8F7}.Debug.ActiveCfg = Debug|Win32
		{FB01564A-31CF-4D13-BAA3-82971FC7E8F7}.Debug.Build.0 = Debug|Win32
		{FB01564A-31CF-4D13-BAA3-82971FC7E8F7}.Debug Unicode.ActiveCfg = Debug|Win32
		{FB01564A-31CF-4D13-BAA3-82971FC7E8F7}.Debug Unicode.Build.0 = Debug|Win32
		{FB01564A-31CF-4D13-BAA3-82971FC7E8F7}.Release.ActiveCfg = Release|Win32
		{FB01564A-31CF-4D13-BAA3-82971FC7E8F7}.Release.Build.0 = Release|Win32
		{FB01564A-31CF-4D13-BAA3-82971FC7E8F7}.Release Unicode.ActiveCfg = Release|Win32
		{FB01564A-31CF-4D13-BAA3-82971FC7E8F7}.Release Unicode.Build.0 = Release|Win32
		{50DE1C4B-8A9A-4512-8755-6E8A610E70D3}.Debug.ActiveCfg = Debug|Win32
		{50DE1C4B-8A9A-4512-8755-6E8A610E70D3}.Debug.Build.0 = Debug|Win32
		{50DE1C4B-8A9A-4512-8755-6E8A610E70D3}.Debug Unicode.ActiveCfg = Debug|Win32
		{50DE1C4B-8A9A-4512-8755-6E8A610E70D3}.Debug Unicode.Build.0 = Debug|Win32
		{50DE1C4B-8A9A-4512-8755-6E8A610E70D3}.Release.ActiveCfg = Release|Win32
		{50DE1C4B-8A9A-4512-8755-6E8A610E70D3}.Release.Build.0 = Release|Win32
		{50DE1C4B-8A9A-4512-8755-6E8A610E70D3}.Release Unicode.ActiveCfg = Release|Win32
		{50DE1C4B-8A9A-4512-8755-6E8A610E70D3}.Release Unicode.Build.0 = Release|Win32
		{850E07E5-8AEA-42C9-9537-9A4DEF89E925}.Debug.ActiveCfg = Debug|Win32
		{850E07E5-8AEA-42C9-9537-9A4DEF89E925}.Debug.Build.0 = Debug|Win32
		{850E07E5-8AEA-42C9-9537-9A4DEF89E925}.Debug Unicode.ActiveCfg = Debug|Win32
		{850E07E5-8AEA-42C9-9537-9A4DEF89E925}.Debug Unicode.Build.0 = Debug|Win32
		{850E07E5-8AEA-42C9-9537-9A4DEF89E925}.Release.ActiveCfg = Release|Win32
		{850E07E5-8AEA-42C9-9537-9A4DEF89E925}.Release.Build.0 = Release|Win32
		{850E07E5-8AEA-42C9-9537-9A4DEF89E925}.Release Unicode.ActiveCfg = Release|Win32
		{850E07E5-8AEA-42C9-9537-9A4DEF89E925}.Release Unicode.Build.0 = Release|Win32
		{EA32F86D-3173-4945-8237-7581A0D9CB3C}.Debug.ActiveCfg = Debug|Win32
		{EA32F86D-3173-4945-8237-7581A0D9CB3C}.Debug.Build.0 = Debug|Win32
		{EA32F86D-3173-4945-8237-7581A0D9CB3C}.Debug Unicode.ActiveCfg = Debug|Win32
		{EA32F86D-3173-4945-8237-7581A0D9CB3C}.Debug Unicode.Build.0 = Debug|Win32
		{EA32F86D-3173-4945-8237-7581A0D9CB3C}.Release.ActiveCfg = Release|Win32
		{EA32F86D-3173-4945-8237-7581A0D9CB3C}.Release.Build.0 = Release|Win32
		{EA32F86D-3173-4945-8237-7581A0D9CB3C}.Release Unicode.ActiveCfg = Release|Win32
		{EA32F86D-3173-4945-8237-7581A0D9CB3C}.Release Unicode.Build.0 = Release|Win32
		{9DBE4172-DCAE-2E37-8131-7B16C31F250A}.Debug.ActiveCfg = Debug|Win32
		{9DBE4172-DCAE-2E37-8131-7B16C31F250A}.Debug.Build.0 = Debug|Win32
		{9DBE4172-DCAE-2E37-8131-7B16C31F250A}.Debug Unicode.ActiveCfg = Debug|Win32
		{9DBE4172-DCAE-2E37-8131-7B16C31F250A}.Debug Unicode.Build.0 = Debug|Win32
		{9DBE4172-DCAE-2E37-8131-7B16C31F250A}.Release.ActiveCfg = Release|Win32
		{9DBE4172-DCAE-2E37-8131-7B16C31F250A}.Release.Build.0 = Release|Win32
		{9DBE4172-DCAE-2E37-8131-7B16C31F250A}.Release Unicode.ActiveCfg = Release|Win32
		{9DBE4172-DCAE-2E37-8131-7B16C31F250A}.Release Unicode.Build.0 = Release|Win32
		{55D5B3EC-EDD2-4A6B-9F9D-00A67839ED5A}.Debug.ActiveCfg = Debug|Win32
		{55D5B3EC-EDD2-4A6B-9F9D-00A67839ED5A}.Debug.Build.0 = Debug|Win32
		{55D5B3EC-EDD2-4A6B-9F9D-00A67839ED5A}.Debug Unicode.ActiveCfg = Debug|Win32
		{55D5B3EC-EDD2-4A6B-9F9D-00A67839ED5A}.Debug Unicode.Build.0 = Debug|Win32
		{55D5B3EC-EDD2-4A6B-9F9D-00A67839ED5A}.Release.ActiveCfg = Release|Win32
		{55D5B3EC-EDD2-4A6B-9F9D-00A67839ED5A}.Release.Build.0 = Release|Win32
		{55D5B3EC-EDD2-4A6B-9F9D-00A67839ED5A}.Release Unicode.ActiveCfg = Release|Win32
		{55D5B3EC-EDD2-4A6B-9F9D-00A67839ED5A}.Release Unicode.Build.0 = Release|Win32
	EndGlobalSection
	GlobalSection(ExtensibilityGlobals) = postSolution
	EndGlobalSection
	GlobalSection(ExtensibilityAddIns) = postSolution
	EndGlobalSection
EndGlobal
