
Microsoft Visual Studio Solution File, Format Version 10.00
# Visual Studio 2008
Project("{8BC9CEB8-8B4A-11D0-8D11-00A0C91BC942}") = "Apputility2008", "libproject\Apputility\Apputility2008.vcproj", "{950E97E5-8DCB-44E9-9237-9A4DEF89E925}"
EndProject
Project("{8BC9CEB8-8B4A-11D0-8D11-00A0C91BC942}") = "ScreenRecord2008", "libproject\ScreenRecord\ScreenRecord2008.vcproj", "{50DE1C4B-8A9A-4512-8755-6E8A610E70D3}"
EndProject
Project("{8BC9CEB8-8B4A-11D0-8D11-00A0C91BC942}") = "crypt2008", "libproject\crypt\crypt2008.vcproj", "{C99B0EB6-4E0D-48A0-A3A6-CF82F903AB5A}"
EndProject
Project("{2150E333-8FDC-42A3-9474-1A3956D46DE8}") = "LibProject", "LibProject", "{2F5E69F0-CF2A-4F1F-8282-14F982D93FD4}"
EndProject
Project("{8BC9CEB8-8B4A-11D0-8D11-00A0C91BC942}") = "Register2008", "libproject\Register\Register2008.vcproj", "{983A564C-7A5D-4088-9113-CD1E7FDAC29A}"
EndProject
Project("{8BC9CEB8-8B4A-11D0-8D11-00A0C91BC942}") = "selectio2008", "libproject\selectio\selectio2008.vcproj", "{9DBE4172-DCAE-4D27-8131-7B16A30D149A}"
EndProject
Project("{8BC9CEB8-8B4A-11D0-8D11-00A0C91BC942}") = "Utility2008", "libproject\Utility\Utility2008.vcproj", "{CD11D86D-3173-4945-8215-7450A0D9CB3C}"
EndProject
Project("{8BC9CEB8-8B4A-11D0-8D11-00A0C91BC942}") = "WinLockDLL2008", "libproject\WinLock\WinLockDLL2008.vcproj", "{D7EE016E-A747-4BAA-A5F0-3034C18D5DD2}"
EndProject
Project("{8BC9CEB8-8B4A-11D0-8D11-00A0C91BC942}") = "Setting2008", "libproject\Setting\Setting2008.vcproj", "{CCEEE3B2-3B59-4DE4-B088-2093F3582E42}"
EndProject
Project("{8BC9CEB8-8B4A-11D0-8D11-00A0C91BC942}") = "HistoryContent2008", "libproject\HistoryContent\HistoryContent2008.vcproj", "{8DAC3D17-DFD3-4FE0-9751-34BEBF84C21F}"
EndProject
Project("{8BC9CEB8-8B4A-11D0-8D11-00A0C91BC942}") = "ServicesUtility2008", "libproject\ServicesUtility\ServicesUtility2008.vcproj", "{700712D2-BF15-4AC4-8274-CA4336EEDD0C}"
EndProject
Project("{8BC9CEB8-8B4A-11D0-8D11-00A0C91BC942}") = "Hardware2008", "libproject\Hardware\Hardware2008.vcproj", "{EC65E27D-9148-41F4-BAB3-1C6E78F6419A}"
EndProject
Project("{2150E333-8FDC-42A3-9474-1A3956D46DE8}") = "Projects", "Projects", "{28671B54-F5C1-4279-BF36-CEAF72BF37ED}"
EndProject
Project("{2150E333-8FDC-42A3-9474-1A3956D46DE8}") = "ShellExtension", "ShellExtension", "{7BDB9D62-1643-44BC-898E-34C81118DB67}"
EndProject
Project("{8BC9CEB8-8B4A-11D0-8D11-00A0C91BC942}") = "exts2008", "shell\exts\exts2008.vcproj", "{7D3A32EF-F083-4939-80B3-962507FD5170}"
EndProject
Project("{8BC9CEB8-8B4A-11D0-8D11-00A0C91BC942}") = "shextUtility2008", "shell\shextUtility\shextUtility2008.vcproj", "{6F0DED44-0FBB-494F-8C37-C9BB08CD1D1B}"
EndProject
Project("{8BC9CEB8-8B4A-11D0-8D11-00A0C91BC942}") = "Eyecare2008", "projects\Eyecare\Eyecare2008.vcproj", "{964382EA-1D90-46C2-97ED-FB6ACA2DF0F6}"
EndProject
Project("{8BC9CEB8-8B4A-11D0-8D11-00A0C91BC942}") = "FilterSetting2008", "projects\FilterSetting\FilterSetting2008.vcproj", "{23244EE6-33D9-4D23-8BA7-3AA7CCDAF177}"
EndProject
Project("{8BC9CEB8-8B4A-11D0-8D11-00A0C91BC942}") = "LockPC2008", "projects\LockPC\LockPC2008.vcproj", "{E4AA2F92-28F1-4568-A04A-9212C435BDAB}"
EndProject
Project("{8BC9CEB8-8B4A-11D0-8D11-00A0C91BC942}") = "MainUI2008", "projects\MainUI\MainUI2008.vcproj", "{53CC0F7C-CF16-4AD6-91EB-BE135A677AA9}"
EndProject
Project("{8BC9CEB8-8B4A-11D0-8D11-00A0C91BC942}") = "PacketsGrasper2008", "projects\PacketsGrasper\PacketsGrasper2008.vcproj", "{AC87FE40-8934-49B5-8353-942817AED586}"
EndProject
Project("{8BC9CEB8-8B4A-11D0-8D11-00A0C91BC942}") = "Repair2008", "projects\Repair\Repair2008.vcproj", "{EFEF1557-82DB-4A74-A5C4-A215AE1FE1C9}"
EndProject
Project("{8BC9CEB8-8B4A-11D0-8D11-00A0C91BC942}") = "SPIInstaller2008", "projects\SPIInstaller\SPIInstaller2008.vcproj", "{D02BBF90-CC5B-4AD3-B637-2B9C8A790C6E}"
EndProject
Project("{2150E333-8FDC-42A3-9474-1A3956D46DE8}") = "Tests", "Tests", "{355761CF-0D83-48B8-8533-E88EE9CC2DB2}"
EndProject
Project("{8BC9CEB8-8B4A-11D0-8D11-00A0C91BC942}") = "TestApputility2008", "test\TestAppUtility\TestApputility2008.vcproj", "{82442190-6EDE-4A41-8282-119A5F796AA8}"
EndProject
Project("{8BC9CEB8-8B4A-11D0-8D11-00A0C91BC942}") = "testCrypt2008", "test\testCrypt\testCrypt2008.vcproj", "{42C9DD20-2E26-4EEA-9091-E3C0C2AB93B4}"
EndProject
Project("{8BC9CEB8-8B4A-11D0-8D11-00A0C91BC942}") = "TestFilterSetting2008", "test\TestFilterSetting\TestFilterSetting2008.vcproj", "{78D777F3-0C50-4903-A4DB-F7F9CB9D191C}"
EndProject
Project("{8BC9CEB8-8B4A-11D0-8D11-00A0C91BC942}") = "TestHistoryContent2008", "test\TestHistoryContent\TestHistoryContent2008.vcproj", "{B1F97CC3-921C-45F6-99FE-7B9EF5BCE834}"
EndProject
Project("{8BC9CEB8-8B4A-11D0-8D11-00A0C91BC942}") = "TestServicesUtility2008", "test\TestServicesUtility\TestServicesUtility2008.vcproj", "{151E6AC1-A099-42DB-B6CC-08456391ED3B}"
EndProject
Project("{8BC9CEB8-8B4A-11D0-8D11-00A0C91BC942}") = "TestSelectIO2008", "test\TestSelectIO\TestSelectIO2008.vcproj", "{08BB70AD-DD8F-4547-891E-D7080499F9F5}"
EndProject
Project("{8BC9CEB8-8B4A-11D0-8D11-00A0C91BC942}") = "testSetting2008", "test\testSetting\testSetting2008.vcproj", "{401DE4AD-03DE-4A26-BDC6-F122B9054622}"
EndProject
Project("{8BC9CEB8-8B4A-11D0-8D11-00A0C91BC942}") = "TestUtility2008", "test\TestUtility\TestUtility2008.vcproj", "{79E7D7DC-5A14-4D2B-8D19-47B949C13744}"
EndProject
Global
	GlobalSection(SolutionConfigurationPlatforms) = preSolution
		Debug|Win32 = Debug|Win32
		Release|Win32 = Release|Win32
	EndGlobalSection
	GlobalSection(ProjectConfigurationPlatforms) = postSolution
		{950E97E5-8DCB-44E9-9237-9A4DEF89E925}.Debug|Win32.ActiveCfg = Debug|Win32
		{950E97E5-8DCB-44E9-9237-9A4DEF89E925}.Debug|Win32.Build.0 = Debug|Win32
		{950E97E5-8DCB-44E9-9237-9A4DEF89E925}.Release|Win32.ActiveCfg = Release|Win32
		{950E97E5-8DCB-44E9-9237-9A4DEF89E925}.Release|Win32.Build.0 = Release|Win32
		{50DE1C4B-8A9A-4512-8755-6E8A610E70D3}.Debug|Win32.ActiveCfg = Debug|Win32
		{50DE1C4B-8A9A-4512-8755-6E8A610E70D3}.Debug|Win32.Build.0 = Debug|Win32
		{50DE1C4B-8A9A-4512-8755-6E8A610E70D3}.Release|Win32.ActiveCfg = Release|Win32
		{50DE1C4B-8A9A-4512-8755-6E8A610E70D3}.Release|Win32.Build.0 = Release|Win32
		{C99B0EB6-4E0D-48A0-A3A6-CF82F903AB5A}.Debug|Win32.ActiveCfg = Debug|Win32
		{C99B0EB6-4E0D-48A0-A3A6-CF82F903AB5A}.Debug|Win32.Build.0 = Debug|Win32
		{C99B0EB6-4E0D-48A0-A3A6-CF82F903AB5A}.Release|Win32.ActiveCfg = Release|Win32
		{C99B0EB6-4E0D-48A0-A3A6-CF82F903AB5A}.Release|Win32.Build.0 = Release|Win32
		{983A564C-7A5D-4088-9113-CD1E7FDAC29A}.Debug|Win32.ActiveCfg = Debug|Win32
		{983A564C-7A5D-4088-9113-CD1E7FDAC29A}.Debug|Win32.Build.0 = Debug|Win32
		{983A564C-7A5D-4088-9113-CD1E7FDAC29A}.Release|Win32.ActiveCfg = Release|Win32
		{983A564C-7A5D-4088-9113-CD1E7FDAC29A}.Release|Win32.Build.0 = Release|Win32
		{9DBE4172-DCAE-4D27-8131-7B16A30D149A}.Debug|Win32.ActiveCfg = Debug|Win32
		{9DBE4172-DCAE-4D27-8131-7B16A30D149A}.Debug|Win32.Build.0 = Debug|Win32
		{9DBE4172-DCAE-4D27-8131-7B16A30D149A}.Release|Win32.ActiveCfg = Release|Win32
		{9DBE4172-DCAE-4D27-8131-7B16A30D149A}.Release|Win32.Build.0 = Release|Win32
		{CD11D86D-3173-4945-8215-7450A0D9CB3C}.Debug|Win32.ActiveCfg = Debug|Win32
		{CD11D86D-3173-4945-8215-7450A0D9CB3C}.Debug|Win32.Build.0 = Debug|Win32
		{CD11D86D-3173-4945-8215-7450A0D9CB3C}.Release|Win32.ActiveCfg = Release|Win32
		{CD11D86D-3173-4945-8215-7450A0D9CB3C}.Release|Win32.Build.0 = Release|Win32
		{D7EE016E-A747-4BAA-A5F0-3034C18D5DD2}.Debug|Win32.ActiveCfg = Debug|Win32
		{D7EE016E-A747-4BAA-A5F0-3034C18D5DD2}.Debug|Win32.Build.0 = Debug|Win32
		{D7EE016E-A747-4BAA-A5F0-3034C18D5DD2}.Release|Win32.ActiveCfg = Release|Win32
		{D7EE016E-A747-4BAA-A5F0-3034C18D5DD2}.Release|Win32.Build.0 = Release|Win32
		{CCEEE3B2-3B59-4DE4-B088-2093F3582E42}.Debug|Win32.ActiveCfg = Debug|Win32
		{CCEEE3B2-3B59-4DE4-B088-2093F3582E42}.Debug|Win32.Build.0 = Debug|Win32
		{CCEEE3B2-3B59-4DE4-B088-2093F3582E42}.Release|Win32.ActiveCfg = Release|Win32
		{CCEEE3B2-3B59-4DE4-B088-2093F3582E42}.Release|Win32.Build.0 = Release|Win32
		{8DAC3D17-DFD3-4FE0-9751-34BEBF84C21F}.Debug|Win32.ActiveCfg = Debug|Win32
		{8DAC3D17-DFD3-4FE0-9751-34BEBF84C21F}.Debug|Win32.Build.0 = Debug|Win32
		{8DAC3D17-DFD3-4FE0-9751-34BEBF84C21F}.Release|Win32.ActiveCfg = Release|Win32
		{8DAC3D17-DFD3-4FE0-9751-34BEBF84C21F}.Release|Win32.Build.0 = Release|Win32
		{700712D2-BF15-4AC4-8274-CA4336EEDD0C}.Debug|Win32.ActiveCfg = Debug|Win32
		{700712D2-BF15-4AC4-8274-CA4336EEDD0C}.Debug|Win32.Build.0 = Debug|Win32
		{700712D2-BF15-4AC4-8274-CA4336EEDD0C}.Release|Win32.ActiveCfg = Release|Win32
		{700712D2-BF15-4AC4-8274-CA4336EEDD0C}.Release|Win32.Build.0 = Release|Win32
		{EC65E27D-9148-41F4-BAB3-1C6E78F6419A}.Debug|Win32.ActiveCfg = Debug|Win32
		{EC65E27D-9148-41F4-BAB3-1C6E78F6419A}.Debug|Win32.Build.0 = Debug|Win32
		{EC65E27D-9148-41F4-BAB3-1C6E78F6419A}.Release|Win32.ActiveCfg = Release|Win32
		{EC65E27D-9148-41F4-BAB3-1C6E78F6419A}.Release|Win32.Build.0 = Release|Win32
		{7D3A32EF-F083-4939-80B3-962507FD5170}.Debug|Win32.ActiveCfg = Debug|Win32
		{7D3A32EF-F083-4939-80B3-962507FD5170}.Debug|Win32.Build.0 = Debug|Win32
		{7D3A32EF-F083-4939-80B3-962507FD5170}.Release|Win32.ActiveCfg = Release|Win32
		{7D3A32EF-F083-4939-80B3-962507FD5170}.Release|Win32.Build.0 = Release|Win32
		{6F0DED44-0FBB-494F-8C37-C9BB08CD1D1B}.Debug|Win32.ActiveCfg = Debug|Win32
		{6F0DED44-0FBB-494F-8C37-C9BB08CD1D1B}.Debug|Win32.Build.0 = Debug|Win32
		{6F0DED44-0FBB-494F-8C37-C9BB08CD1D1B}.Release|Win32.ActiveCfg = Release|Win32
		{6F0DED44-0FBB-494F-8C37-C9BB08CD1D1B}.Release|Win32.Build.0 = Release|Win32
		{964382EA-1D90-46C2-97ED-FB6ACA2DF0F6}.Debug|Win32.ActiveCfg = Debug|Win32
		{964382EA-1D90-46C2-97ED-FB6ACA2DF0F6}.Debug|Win32.Build.0 = Debug|Win32
		{964382EA-1D90-46C2-97ED-FB6ACA2DF0F6}.Release|Win32.ActiveCfg = Release|Win32
		{964382EA-1D90-46C2-97ED-FB6ACA2DF0F6}.Release|Win32.Build.0 = Release|Win32
		{23244EE6-33D9-4D23-8BA7-3AA7CCDAF177}.Debug|Win32.ActiveCfg = Debug|Win32
		{23244EE6-33D9-4D23-8BA7-3AA7CCDAF177}.Debug|Win32.Build.0 = Debug|Win32
		{23244EE6-33D9-4D23-8BA7-3AA7CCDAF177}.Release|Win32.ActiveCfg = Release|Win32
		{23244EE6-33D9-4D23-8BA7-3AA7CCDAF177}.Release|Win32.Build.0 = Release|Win32
		{E4AA2F92-28F1-4568-A04A-9212C435BDAB}.Debug|Win32.ActiveCfg = Debug|Win32
		{E4AA2F92-28F1-4568-A04A-9212C435BDAB}.Debug|Win32.Build.0 = Debug|Win32
		{E4AA2F92-28F1-4568-A04A-9212C435BDAB}.Release|Win32.ActiveCfg = Release|Win32
		{E4AA2F92-28F1-4568-A04A-9212C435BDAB}.Release|Win32.Build.0 = Release|Win32
		{53CC0F7C-CF16-4AD6-91EB-BE135A677AA9}.Debug|Win32.ActiveCfg = Debug|Win32
		{53CC0F7C-CF16-4AD6-91EB-BE135A677AA9}.Debug|Win32.Build.0 = Debug|Win32
		{53CC0F7C-CF16-4AD6-91EB-BE135A677AA9}.Release|Win32.ActiveCfg = Release|Win32
		{53CC0F7C-CF16-4AD6-91EB-BE135A677AA9}.Release|Win32.Build.0 = Release|Win32
		{AC87FE40-8934-49B5-8353-942817AED586}.Debug|Win32.ActiveCfg = Debug|Win32
		{AC87FE40-8934-49B5-8353-942817AED586}.Debug|Win32.Build.0 = Debug|Win32
		{AC87FE40-8934-49B5-8353-942817AED586}.Release|Win32.ActiveCfg = Release|Win32
		{AC87FE40-8934-49B5-8353-942817AED586}.Release|Win32.Build.0 = Release|Win32
		{EFEF1557-82DB-4A74-A5C4-A215AE1FE1C9}.Debug|Win32.ActiveCfg = Debug|Win32
		{EFEF1557-82DB-4A74-A5C4-A215AE1FE1C9}.Debug|Win32.Build.0 = Debug|Win32
		{EFEF1557-82DB-4A74-A5C4-A215AE1FE1C9}.Release|Win32.ActiveCfg = Release|Win32
		{EFEF1557-82DB-4A74-A5C4-A215AE1FE1C9}.Release|Win32.Build.0 = Release|Win32
		{D02BBF90-CC5B-4AD3-B637-2B9C8A790C6E}.Debug|Win32.ActiveCfg = Debug|Win32
		{D02BBF90-CC5B-4AD3-B637-2B9C8A790C6E}.Debug|Win32.Build.0 = Debug|Win32
		{D02BBF90-CC5B-4AD3-B637-2B9C8A790C6E}.Release|Win32.ActiveCfg = Release|Win32
		{D02BBF90-CC5B-4AD3-B637-2B9C8A790C6E}.Release|Win32.Build.0 = Release|Win32
		{82442190-6EDE-4A41-8282-119A5F796AA8}.Debug|Win32.ActiveCfg = Debug|Win32
		{82442190-6EDE-4A41-8282-119A5F796AA8}.Debug|Win32.Build.0 = Debug|Win32
		{82442190-6EDE-4A41-8282-119A5F796AA8}.Release|Win32.ActiveCfg = Release|Win32
		{82442190-6EDE-4A41-8282-119A5F796AA8}.Release|Win32.Build.0 = Release|Win32
		{42C9DD20-2E26-4EEA-9091-E3C0C2AB93B4}.Debug|Win32.ActiveCfg = Debug|Win32
		{42C9DD20-2E26-4EEA-9091-E3C0C2AB93B4}.Debug|Win32.Build.0 = Debug|Win32
		{42C9DD20-2E26-4EEA-9091-E3C0C2AB93B4}.Release|Win32.ActiveCfg = Release|Win32
		{42C9DD20-2E26-4EEA-9091-E3C0C2AB93B4}.Release|Win32.Build.0 = Release|Win32
		{78D777F3-0C50-4903-A4DB-F7F9CB9D191C}.Debug|Win32.ActiveCfg = Debug|Win32
		{78D777F3-0C50-4903-A4DB-F7F9CB9D191C}.Debug|Win32.Build.0 = Debug|Win32
		{78D777F3-0C50-4903-A4DB-F7F9CB9D191C}.Release|Win32.ActiveCfg = Release|Win32
		{78D777F3-0C50-4903-A4DB-F7F9CB9D191C}.Release|Win32.Build.0 = Release|Win32
		{B1F97CC3-921C-45F6-99FE-7B9EF5BCE834}.Debug|Win32.ActiveCfg = Debug|Win32
		{B1F97CC3-921C-45F6-99FE-7B9EF5BCE834}.Debug|Win32.Build.0 = Debug|Win32
		{B1F97CC3-921C-45F6-99FE-7B9EF5BCE834}.Release|Win32.ActiveCfg = Release|Win32
		{B1F97CC3-921C-45F6-99FE-7B9EF5BCE834}.Release|Win32.Build.0 = Release|Win32
		{151E6AC1-A099-42DB-B6CC-08456391ED3B}.Debug|Win32.ActiveCfg = Debug|Win32
		{151E6AC1-A099-42DB-B6CC-08456391ED3B}.Debug|Win32.Build.0 = Debug|Win32
		{151E6AC1-A099-42DB-B6CC-08456391ED3B}.Release|Win32.ActiveCfg = Release|Win32
		{151E6AC1-A099-42DB-B6CC-08456391ED3B}.Release|Win32.Build.0 = Release|Win32
		{08BB70AD-DD8F-4547-891E-D7080499F9F5}.Debug|Win32.ActiveCfg = Debug|Win32
		{08BB70AD-DD8F-4547-891E-D7080499F9F5}.Debug|Win32.Build.0 = Debug|Win32
		{08BB70AD-DD8F-4547-891E-D7080499F9F5}.Release|Win32.ActiveCfg = Release|Win32
		{08BB70AD-DD8F-4547-891E-D7080499F9F5}.Release|Win32.Build.0 = Release|Win32
		{401DE4AD-03DE-4A26-BDC6-F122B9054622}.Debug|Win32.ActiveCfg = Debug|Win32
		{401DE4AD-03DE-4A26-BDC6-F122B9054622}.Debug|Win32.Build.0 = Debug|Win32
		{401DE4AD-03DE-4A26-BDC6-F122B9054622}.Release|Win32.ActiveCfg = Release|Win32
		{401DE4AD-03DE-4A26-BDC6-F122B9054622}.Release|Win32.Build.0 = Release|Win32
		{79E7D7DC-5A14-4D2B-8D19-47B949C13744}.Debug|Win32.ActiveCfg = Debug|Win32
		{79E7D7DC-5A14-4D2B-8D19-47B949C13744}.Debug|Win32.Build.0 = Debug|Win32
		{79E7D7DC-5A14-4D2B-8D19-47B949C13744}.Release|Win32.ActiveCfg = Release|Win32
		{79E7D7DC-5A14-4D2B-8D19-47B949C13744}.Release|Win32.Build.0 = Release|Win32
	EndGlobalSection
	GlobalSection(SolutionProperties) = preSolution
		HideSolutionNode = FALSE
	EndGlobalSection
	GlobalSection(NestedProjects) = preSolution
		{50DE1C4B-8A9A-4512-8755-6E8A610E70D3} = {2F5E69F0-CF2A-4F1F-8282-14F982D93FD4}
		{C99B0EB6-4E0D-48A0-A3A6-CF82F903AB5A} = {2F5E69F0-CF2A-4F1F-8282-14F982D93FD4}
		{950E97E5-8DCB-44E9-9237-9A4DEF89E925} = {2F5E69F0-CF2A-4F1F-8282-14F982D93FD4}
		{983A564C-7A5D-4088-9113-CD1E7FDAC29A} = {2F5E69F0-CF2A-4F1F-8282-14F982D93FD4}
		{9DBE4172-DCAE-4D27-8131-7B16A30D149A} = {2F5E69F0-CF2A-4F1F-8282-14F982D93FD4}
		{CD11D86D-3173-4945-8215-7450A0D9CB3C} = {2F5E69F0-CF2A-4F1F-8282-14F982D93FD4}
		{D7EE016E-A747-4BAA-A5F0-3034C18D5DD2} = {2F5E69F0-CF2A-4F1F-8282-14F982D93FD4}
		{CCEEE3B2-3B59-4DE4-B088-2093F3582E42} = {2F5E69F0-CF2A-4F1F-8282-14F982D93FD4}
		{8DAC3D17-DFD3-4FE0-9751-34BEBF84C21F} = {2F5E69F0-CF2A-4F1F-8282-14F982D93FD4}
		{700712D2-BF15-4AC4-8274-CA4336EEDD0C} = {2F5E69F0-CF2A-4F1F-8282-14F982D93FD4}
		{EC65E27D-9148-41F4-BAB3-1C6E78F6419A} = {2F5E69F0-CF2A-4F1F-8282-14F982D93FD4}
		{964382EA-1D90-46C2-97ED-FB6ACA2DF0F6} = {28671B54-F5C1-4279-BF36-CEAF72BF37ED}
		{23244EE6-33D9-4D23-8BA7-3AA7CCDAF177} = {28671B54-F5C1-4279-BF36-CEAF72BF37ED}
		{E4AA2F92-28F1-4568-A04A-9212C435BDAB} = {28671B54-F5C1-4279-BF36-CEAF72BF37ED}
		{53CC0F7C-CF16-4AD6-91EB-BE135A677AA9} = {28671B54-F5C1-4279-BF36-CEAF72BF37ED}
		{AC87FE40-8934-49B5-8353-942817AED586} = {28671B54-F5C1-4279-BF36-CEAF72BF37ED}
		{EFEF1557-82DB-4A74-A5C4-A215AE1FE1C9} = {28671B54-F5C1-4279-BF36-CEAF72BF37ED}
		{D02BBF90-CC5B-4AD3-B637-2B9C8A790C6E} = {28671B54-F5C1-4279-BF36-CEAF72BF37ED}
		{7D3A32EF-F083-4939-80B3-962507FD5170} = {7BDB9D62-1643-44BC-898E-34C81118DB67}
		{6F0DED44-0FBB-494F-8C37-C9BB08CD1D1B} = {7BDB9D62-1643-44BC-898E-34C81118DB67}
		{82442190-6EDE-4A41-8282-119A5F796AA8} = {355761CF-0D83-48B8-8533-E88EE9CC2DB2}
		{42C9DD20-2E26-4EEA-9091-E3C0C2AB93B4} = {355761CF-0D83-48B8-8533-E88EE9CC2DB2}
		{78D777F3-0C50-4903-A4DB-F7F9CB9D191C} = {355761CF-0D83-48B8-8533-E88EE9CC2DB2}
		{B1F97CC3-921C-45F6-99FE-7B9EF5BCE834} = {355761CF-0D83-48B8-8533-E88EE9CC2DB2}
		{151E6AC1-A099-42DB-B6CC-08456391ED3B} = {355761CF-0D83-48B8-8533-E88EE9CC2DB2}
		{08BB70AD-DD8F-4547-891E-D7080499F9F5} = {355761CF-0D83-48B8-8533-E88EE9CC2DB2}
		{401DE4AD-03DE-4A26-BDC6-F122B9054622} = {355761CF-0D83-48B8-8533-E88EE9CC2DB2}
		{79E7D7DC-5A14-4D2B-8D19-47B949C13744} = {355761CF-0D83-48B8-8533-E88EE9CC2DB2}
	EndGlobalSection
EndGlobal
