Microsoft Visual Studio Solution File, Format Version 8.00
Project("{8BC9CEB8-8B4A-11D0-8D11-00A0C91BC942}") = "TestUtility", "test\TestUtility\TestUtility2003.vcproj", "{79E7D7DC-5A14-4D2B-8D19-47B949C13744}"
	ProjectSection(ProjectDependencies) = postProject
		{CD11D86D-3173-4945-8215-7450A0D9CB3C} = {CD11D86D-3173-4945-8215-7450A0D9CB3C}
	EndProjectSection
EndProject
Project("{8BC9CEB8-8B4A-11D0-8D11-00A0C91BC942}") = "TestSetting", "test\testSetting\testSetting2003.vcproj", "{401DE4AD-03DE-4A26-BDC6-F122B9054622}"
	ProjectSection(ProjectDependencies) = postProject
		{CCEEE3B2-3B59-4DE4-B088-2093F3582E42} = {CCEEE3B2-3B59-4DE4-B088-2093F3582E42}
	EndProjectSection
EndProject
Project("{8BC9CEB8-8B4A-11D0-8D11-00A0C91BC942}") = "TestSelectIO", "test\TestSelectIO\TestSelectIO2003.vcproj", "{08BB70AD-DD8F-4547-891E-D7080499F9F5}"
	ProjectSection(ProjectDependencies) = postProject
		{9DBE4172-DCAE-4D27-8131-7B16A30D149A} = {9DBE4172-DCAE-4D27-8131-7B16A30D149A}
	EndProjectSection
EndProject
Project("{8BC9CEB8-8B4A-11D0-8D11-00A0C91BC942}") = "TestFilterSetting", "test\TestFilterSetting\TestFilterSetting2003.vcproj", "{78D777F3-0C50-4903-A4DB-F7F9CB9D191C}"
	ProjectSection(ProjectDependencies) = postProject
		{23244EE6-33D9-4D23-8BA7-3AA7CCDAF177} = {23244EE6-33D9-4D23-8BA7-3AA7CCDAF177}
	EndProjectSection
EndProject
Project("{8BC9CEB8-8B4A-11D0-8D11-00A0C91BC942}") = "selectio", "libproject\selectio\selectio2003.vcproj", "{9DBE4172-DCAE-4D27-8131-7B16A30D149A}"
	ProjectSection(ProjectDependencies) = postProject
	EndProjectSection
EndProject
Project("{8BC9CEB8-8B4A-11D0-8D11-00A0C91BC942}") = "Setting", "libproject\Setting\Setting2003.vcproj", "{CCEEE3B2-3B59-4DE4-B088-2093F3582E42}"
	ProjectSection(ProjectDependencies) = postProject
	EndProjectSection
EndProject
Project("{8BC9CEB8-8B4A-11D0-8D11-00A0C91BC942}") = "sysutility", "libproject\sysutility\sysutility2003.vcproj", "{950E97E5-8DCB-44E9-9237-9A4DEF89E925}"
	ProjectSection(ProjectDependencies) = postProject
		{CD11D86D-3173-4945-8215-7450A0D9CB3C} = {CD11D86D-3173-4945-8215-7450A0D9CB3C}
	EndProjectSection
EndProject
Project("{8BC9CEB8-8B4A-11D0-8D11-00A0C91BC942}") = "ThreadSync", "libproject\ThreadSync\ThreadSync2003.vcproj", "{EC738080-9EB3-45D7-8440-0B79B280ACD7}"
	ProjectSection(ProjectDependencies) = postProject
	EndProjectSection
EndProject
Project("{8BC9CEB8-8B4A-11D0-8D11-00A0C91BC942}") = "Utility", "libproject\Utility\Utility2003.vcproj", "{CD11D86D-3173-4945-8215-7450A0D9CB3C}"
	ProjectSection(ProjectDependencies) = postProject
	EndProjectSection
EndProject
Project("{8BC9CEB8-8B4A-11D0-8D11-00A0C91BC942}") = "Eyecare", "projects\Eyecare\Eyecare2003.vcproj", "{964382EA-1D90-46C2-97ED-FB6ACA2DF0F6}"
	ProjectSection(ProjectDependencies) = postProject
	EndProjectSection
EndProject
Project("{8BC9CEB8-8B4A-11D0-8D11-00A0C91BC942}") = "FilterSetting", "projects\FilterSetting\FilterSetting2003.vcproj", "{23244EE6-33D9-4D23-8BA7-3AA7CCDAF177}"
	ProjectSection(ProjectDependencies) = postProject
		{50DE1C4B-8A9A-4512-8755-6E8A610E70D3} = {50DE1C4B-8A9A-4512-8755-6E8A610E70D3}
		{CD11D86D-3173-4945-8215-7450A0D9CB3C} = {CD11D86D-3173-4945-8215-7450A0D9CB3C}
		{CCEEE3B2-3B59-4DE4-B088-2093F3582E42} = {CCEEE3B2-3B59-4DE4-B088-2093F3582E42}
		{950E97E5-8DCB-44E9-9237-9A4DEF89E925} = {950E97E5-8DCB-44E9-9237-9A4DEF89E925}
	EndProjectSection
EndProject
Project("{8BC9CEB8-8B4A-11D0-8D11-00A0C91BC942}") = "MainUI", "projects\MainUI\MainUI2003.vcproj", "{53CC0F7C-CF16-4AD6-91EB-BE135A677AA9}"
	ProjectSection(ProjectDependencies) = postProject
		{CD11D86D-3173-4945-8215-7450A0D9CB3C} = {CD11D86D-3173-4945-8215-7450A0D9CB3C}
		{CCEEE3B2-3B59-4DE4-B088-2093F3582E42} = {CCEEE3B2-3B59-4DE4-B088-2093F3582E42}
		{950E97E5-8DCB-44E9-9237-9A4DEF89E925} = {950E97E5-8DCB-44E9-9237-9A4DEF89E925}
	EndProjectSection
EndProject
Project("{8BC9CEB8-8B4A-11D0-8D11-00A0C91BC942}") = "Repair", "projects\Repair\Repair2003.vcproj", "{EFEF1557-82DB-4A74-A5C4-A215AE1FE1C9}"
	ProjectSection(ProjectDependencies) = postProject
	EndProjectSection
EndProject
Project("{8BC9CEB8-8B4A-11D0-8D11-00A0C91BC942}") = "SPIInstaller", "projects\SPIInstaller\SPIInstaller2003.vcproj", "{D02BBF90-CC5B-4AD3-B637-2B9C8A790C6E}"
	ProjectSection(ProjectDependencies) = postProject
	EndProjectSection
EndProject
Project("{8BC9CEB8-8B4A-11D0-8D11-00A0C91BC942}") = "ScreenRecord", "libproject\ScreenRecord\ScreenRecord2003.vcproj", "{50DE1C4B-8A9A-4512-8755-6E8A610E70D3}"
	ProjectSection(ProjectDependencies) = postProject
	EndProjectSection
EndProject
Project("{8BC9CEB8-8B4A-11D0-8D11-00A0C91BC942}") = "PacketsGrasper", "projects\PacketsGrasper\PacketsGrasper2003.vcproj", "{AC87FE40-8934-49B5-8353-942817AED586}"
	ProjectSection(ProjectDependencies) = postProject
		{CD11D86D-3173-4945-8215-7450A0D9CB3C} = {CD11D86D-3173-4945-8215-7450A0D9CB3C}
		{9DBE4172-DCAE-4D27-8131-7B16A30D149A} = {9DBE4172-DCAE-4D27-8131-7B16A30D149A}
		{700712D2-BF15-4AC4-8274-CA4336EEDD0C} = {700712D2-BF15-4AC4-8274-CA4336EEDD0C}
		{950E97E5-8DCB-44E9-9237-9A4DEF89E925} = {950E97E5-8DCB-44E9-9237-9A4DEF89E925}
	EndProjectSection
EndProject
Project("{8BC9CEB8-8B4A-11D0-8D11-00A0C91BC942}") = "TestSysutility", "test\TestSysutility\TestSysutility.vcproj", "{82442190-6EDE-4A41-8282-119A5F796AA8}"
	ProjectSection(ProjectDependencies) = postProject
		{CD11D86D-3173-4945-8215-7450A0D9CB3C} = {CD11D86D-3173-4945-8215-7450A0D9CB3C}
		{950E97E5-8DCB-44E9-9237-9A4DEF89E925} = {950E97E5-8DCB-44E9-9237-9A4DEF89E925}
	EndProjectSection
EndProject
Project("{8BC9CEB8-8B4A-11D0-8D11-00A0C91BC942}") = "ServicesUtility", "libproject\ServicesUtility\ServicesUtility.vcproj", "{700712D2-BF15-4AC4-8274-CA4336EEDD0C}"
	ProjectSection(ProjectDependencies) = postProject
		{CD11D86D-3173-4945-8215-7450A0D9CB3C} = {CD11D86D-3173-4945-8215-7450A0D9CB3C}
		{23244EE6-33D9-4D23-8BA7-3AA7CCDAF177} = {23244EE6-33D9-4D23-8BA7-3AA7CCDAF177}
	EndProjectSection
EndProject
Project("{8BC9CEB8-8B4A-11D0-8D11-00A0C91BC942}") = "TestServicesUtility", "test\TestServicesUtility\TestServicesUtility.vcproj", "{151E6AC1-A099-42DB-B6CC-08456391ED3B}"
	ProjectSection(ProjectDependencies) = postProject
		{700712D2-BF15-4AC4-8274-CA4336EEDD0C} = {700712D2-BF15-4AC4-8274-CA4336EEDD0C}
	EndProjectSection
EndProject
Project("{8BC9CEB8-8B4A-11D0-8D11-00A0C91BC942}") = "LockPC", "projects\LockPC\LockPC.vcproj", "{E4AA2F92-28F1-4568-A04A-9212C435BDAB}"
	ProjectSection(ProjectDependencies) = postProject
	EndProjectSection
EndProject
Project("{8BC9CEB8-8B4A-11D0-8D11-00A0C91BC942}") = "WinLockDLL", "libproject\WinLock\WinLockDLL.vcproj", "{D7EE016E-A747-4BAA-A5F0-3034C18D5DD2}"
	ProjectSection(ProjectDependencies) = postProject
	EndProjectSection
EndProject
Global
	GlobalSection(SolutionConfiguration) = preSolution
		Debug = Debug
		Debug Unicode = Debug Unicode
		Release = Release
		Release Unicode = Release Unicode
	EndGlobalSection
	GlobalSection(ProjectConfiguration) = postSolution
		{79E7D7DC-5A14-4D2B-8D19-47B949C13744}.Debug.ActiveCfg = Debug|Win32
		{79E7D7DC-5A14-4D2B-8D19-47B949C13744}.Debug.Build.0 = Debug|Win32
		{79E7D7DC-5A14-4D2B-8D19-47B949C13744}.Debug Unicode.ActiveCfg = Debug|Win32
		{79E7D7DC-5A14-4D2B-8D19-47B949C13744}.Debug Unicode.Build.0 = Debug|Win32
		{79E7D7DC-5A14-4D2B-8D19-47B949C13744}.Release.ActiveCfg = Release|Win32
		{79E7D7DC-5A14-4D2B-8D19-47B949C13744}.Release.Build.0 = Release|Win32
		{79E7D7DC-5A14-4D2B-8D19-47B949C13744}.Release Unicode.ActiveCfg = Release|Win32
		{79E7D7DC-5A14-4D2B-8D19-47B949C13744}.Release Unicode.Build.0 = Release|Win32
		{401DE4AD-03DE-4A26-BDC6-F122B9054622}.Debug.ActiveCfg = Debug|Win32
		{401DE4AD-03DE-4A26-BDC6-F122B9054622}.Debug.Build.0 = Debug|Win32
		{401DE4AD-03DE-4A26-BDC6-F122B9054622}.Debug Unicode.ActiveCfg = Debug|Win32
		{401DE4AD-03DE-4A26-BDC6-F122B9054622}.Debug Unicode.Build.0 = Debug|Win32
		{401DE4AD-03DE-4A26-BDC6-F122B9054622}.Release.ActiveCfg = Release|Win32
		{401DE4AD-03DE-4A26-BDC6-F122B9054622}.Release.Build.0 = Release|Win32
		{401DE4AD-03DE-4A26-BDC6-F122B9054622}.Release Unicode.ActiveCfg = Release|Win32
		{401DE4AD-03DE-4A26-BDC6-F122B9054622}.Release Unicode.Build.0 = Release|Win32
		{08BB70AD-DD8F-4547-891E-D7080499F9F5}.Debug.ActiveCfg = Debug|Win32
		{08BB70AD-DD8F-4547-891E-D7080499F9F5}.Debug.Build.0 = Debug|Win32
		{08BB70AD-DD8F-4547-891E-D7080499F9F5}.Debug Unicode.ActiveCfg = Debug|Win32
		{08BB70AD-DD8F-4547-891E-D7080499F9F5}.Debug Unicode.Build.0 = Debug|Win32
		{08BB70AD-DD8F-4547-891E-D7080499F9F5}.Release.ActiveCfg = Release|Win32
		{08BB70AD-DD8F-4547-891E-D7080499F9F5}.Release.Build.0 = Release|Win32
		{08BB70AD-DD8F-4547-891E-D7080499F9F5}.Release Unicode.ActiveCfg = Release|Win32
		{08BB70AD-DD8F-4547-891E-D7080499F9F5}.Release Unicode.Build.0 = Release|Win32
		{78D777F3-0C50-4903-A4DB-F7F9CB9D191C}.Debug.ActiveCfg = Debug|Win32
		{78D777F3-0C50-4903-A4DB-F7F9CB9D191C}.Debug.Build.0 = Debug|Win32
		{78D777F3-0C50-4903-A4DB-F7F9CB9D191C}.Debug Unicode.ActiveCfg = Debug|Win32
		{78D777F3-0C50-4903-A4DB-F7F9CB9D191C}.Debug Unicode.Build.0 = Debug|Win32
		{78D777F3-0C50-4903-A4DB-F7F9CB9D191C}.Release.ActiveCfg = Release|Win32
		{78D777F3-0C50-4903-A4DB-F7F9CB9D191C}.Release.Build.0 = Release|Win32
		{78D777F3-0C50-4903-A4DB-F7F9CB9D191C}.Release Unicode.ActiveCfg = Release|Win32
		{78D777F3-0C50-4903-A4DB-F7F9CB9D191C}.Release Unicode.Build.0 = Release|Win32
		{9DBE4172-DCAE-4D27-8131-7B16A30D149A}.Debug.ActiveCfg = Debug|Win32
		{9DBE4172-DCAE-4D27-8131-7B16A30D149A}.Debug.Build.0 = Debug|Win32
		{9DBE4172-DCAE-4D27-8131-7B16A30D149A}.Debug Unicode.ActiveCfg = Debug|Win32
		{9DBE4172-DCAE-4D27-8131-7B16A30D149A}.Debug Unicode.Build.0 = Debug|Win32
		{9DBE4172-DCAE-4D27-8131-7B16A30D149A}.Release.ActiveCfg = Release|Win32
		{9DBE4172-DCAE-4D27-8131-7B16A30D149A}.Release.Build.0 = Release|Win32
		{9DBE4172-DCAE-4D27-8131-7B16A30D149A}.Release Unicode.ActiveCfg = Release|Win32
		{9DBE4172-DCAE-4D27-8131-7B16A30D149A}.Release Unicode.Build.0 = Release|Win32
		{CCEEE3B2-3B59-4DE4-B088-2093F3582E42}.Debug.ActiveCfg = Debug|Win32
		{CCEEE3B2-3B59-4DE4-B088-2093F3582E42}.Debug.Build.0 = Debug|Win32
		{CCEEE3B2-3B59-4DE4-B088-2093F3582E42}.Debug Unicode.ActiveCfg = Debug|Win32
		{CCEEE3B2-3B59-4DE4-B088-2093F3582E42}.Debug Unicode.Build.0 = Debug|Win32
		{CCEEE3B2-3B59-4DE4-B088-2093F3582E42}.Release.ActiveCfg = Release|Win32
		{CCEEE3B2-3B59-4DE4-B088-2093F3582E42}.Release.Build.0 = Release|Win32
		{CCEEE3B2-3B59-4DE4-B088-2093F3582E42}.Release Unicode.ActiveCfg = Release|Win32
		{CCEEE3B2-3B59-4DE4-B088-2093F3582E42}.Release Unicode.Build.0 = Release|Win32
		{950E97E5-8DCB-44E9-9237-9A4DEF89E925}.Debug.ActiveCfg = Debug|Win32
		{950E97E5-8DCB-44E9-9237-9A4DEF89E925}.Debug.Build.0 = Debug|Win32
		{950E97E5-8DCB-44E9-9237-9A4DEF89E925}.Debug Unicode.ActiveCfg = Debug|Win32
		{950E97E5-8DCB-44E9-9237-9A4DEF89E925}.Debug Unicode.Build.0 = Debug|Win32
		{950E97E5-8DCB-44E9-9237-9A4DEF89E925}.Release.ActiveCfg = Release|Win32
		{950E97E5-8DCB-44E9-9237-9A4DEF89E925}.Release.Build.0 = Release|Win32
		{950E97E5-8DCB-44E9-9237-9A4DEF89E925}.Release Unicode.ActiveCfg = Release|Win32
		{950E97E5-8DCB-44E9-9237-9A4DEF89E925}.Release Unicode.Build.0 = Release|Win32
		{EC738080-9EB3-45D7-8440-0B79B280ACD7}.Debug.ActiveCfg = Debug|Win32
		{EC738080-9EB3-45D7-8440-0B79B280ACD7}.Debug.Build.0 = Debug|Win32
		{EC738080-9EB3-45D7-8440-0B79B280ACD7}.Debug Unicode.ActiveCfg = Debug|Win32
		{EC738080-9EB3-45D7-8440-0B79B280ACD7}.Debug Unicode.Build.0 = Debug|Win32
		{EC738080-9EB3-45D7-8440-0B79B280ACD7}.Release.ActiveCfg = Release|Win32
		{EC738080-9EB3-45D7-8440-0B79B280ACD7}.Release.Build.0 = Release|Win32
		{EC738080-9EB3-45D7-8440-0B79B280ACD7}.Release Unicode.ActiveCfg = Release|Win32
		{EC738080-9EB3-45D7-8440-0B79B280ACD7}.Release Unicode.Build.0 = Release|Win32
		{CD11D86D-3173-4945-8215-7450A0D9CB3C}.Debug.ActiveCfg = Debug|Win32
		{CD11D86D-3173-4945-8215-7450A0D9CB3C}.Debug.Build.0 = Debug|Win32
		{CD11D86D-3173-4945-8215-7450A0D9CB3C}.Debug Unicode.ActiveCfg = Debug|Win32
		{CD11D86D-3173-4945-8215-7450A0D9CB3C}.Debug Unicode.Build.0 = Debug|Win32
		{CD11D86D-3173-4945-8215-7450A0D9CB3C}.Release.ActiveCfg = Release|Win32
		{CD11D86D-3173-4945-8215-7450A0D9CB3C}.Release.Build.0 = Release|Win32
		{CD11D86D-3173-4945-8215-7450A0D9CB3C}.Release Unicode.ActiveCfg = Release|Win32
		{CD11D86D-3173-4945-8215-7450A0D9CB3C}.Release Unicode.Build.0 = Release|Win32
		{964382EA-1D90-46C2-97ED-FB6ACA2DF0F6}.Debug.ActiveCfg = Debug|Win32
		{964382EA-1D90-46C2-97ED-FB6ACA2DF0F6}.Debug.Build.0 = Debug|Win32
		{964382EA-1D90-46C2-97ED-FB6ACA2DF0F6}.Debug Unicode.ActiveCfg = Debug|Win32
		{964382EA-1D90-46C2-97ED-FB6ACA2DF0F6}.Debug Unicode.Build.0 = Debug|Win32
		{964382EA-1D90-46C2-97ED-FB6ACA2DF0F6}.Release.ActiveCfg = Release|Win32
		{964382EA-1D90-46C2-97ED-FB6ACA2DF0F6}.Release.Build.0 = Release|Win32
		{964382EA-1D90-46C2-97ED-FB6ACA2DF0F6}.Release Unicode.ActiveCfg = Release|Win32
		{964382EA-1D90-46C2-97ED-FB6ACA2DF0F6}.Release Unicode.Build.0 = Release|Win32
		{23244EE6-33D9-4D23-8BA7-3AA7CCDAF177}.Debug.ActiveCfg = Debug|Win32
		{23244EE6-33D9-4D23-8BA7-3AA7CCDAF177}.Debug.Build.0 = Debug|Win32
		{23244EE6-33D9-4D23-8BA7-3AA7CCDAF177}.Debug Unicode.ActiveCfg = Debug|Win32
		{23244EE6-33D9-4D23-8BA7-3AA7CCDAF177}.Debug Unicode.Build.0 = Debug|Win32
		{23244EE6-33D9-4D23-8BA7-3AA7CCDAF177}.Release.ActiveCfg = Release|Win32
		{23244EE6-33D9-4D23-8BA7-3AA7CCDAF177}.Release.Build.0 = Release|Win32
		{23244EE6-33D9-4D23-8BA7-3AA7CCDAF177}.Release Unicode.ActiveCfg = Release|Win32
		{23244EE6-33D9-4D23-8BA7-3AA7CCDAF177}.Release Unicode.Build.0 = Release|Win32
		{53CC0F7C-CF16-4AD6-91EB-BE135A677AA9}.Debug.ActiveCfg = Debug|Win32
		{53CC0F7C-CF16-4AD6-91EB-BE135A677AA9}.Debug.Build.0 = Debug|Win32
		{53CC0F7C-CF16-4AD6-91EB-BE135A677AA9}.Debug Unicode.ActiveCfg = Debug|Win32
		{53CC0F7C-CF16-4AD6-91EB-BE135A677AA9}.Debug Unicode.Build.0 = Debug|Win32
		{53CC0F7C-CF16-4AD6-91EB-BE135A677AA9}.Release.ActiveCfg = Release|Win32
		{53CC0F7C-CF16-4AD6-91EB-BE135A677AA9}.Release.Build.0 = Release|Win32
		{53CC0F7C-CF16-4AD6-91EB-BE135A677AA9}.Release Unicode.ActiveCfg = Release|Win32
		{53CC0F7C-CF16-4AD6-91EB-BE135A677AA9}.Release Unicode.Build.0 = Release|Win32
		{EFEF1557-82DB-4A74-A5C4-A215AE1FE1C9}.Debug.ActiveCfg = Debug|Win32
		{EFEF1557-82DB-4A74-A5C4-A215AE1FE1C9}.Debug.Build.0 = Debug|Win32
		{EFEF1557-82DB-4A74-A5C4-A215AE1FE1C9}.Debug Unicode.ActiveCfg = Debug|Win32
		{EFEF1557-82DB-4A74-A5C4-A215AE1FE1C9}.Debug Unicode.Build.0 = Debug|Win32
		{EFEF1557-82DB-4A74-A5C4-A215AE1FE1C9}.Release.ActiveCfg = Release|Win32
		{EFEF1557-82DB-4A74-A5C4-A215AE1FE1C9}.Release.Build.0 = Release|Win32
		{EFEF1557-82DB-4A74-A5C4-A215AE1FE1C9}.Release Unicode.ActiveCfg = Release|Win32
		{EFEF1557-82DB-4A74-A5C4-A215AE1FE1C9}.Release Unicode.Build.0 = Release|Win32
		{D02BBF90-CC5B-4AD3-B637-2B9C8A790C6E}.Debug.ActiveCfg = Debug|Win32
		{D02BBF90-CC5B-4AD3-B637-2B9C8A790C6E}.Debug.Build.0 = Debug|Win32
		{D02BBF90-CC5B-4AD3-B637-2B9C8A790C6E}.Debug Unicode.ActiveCfg = Debug|Win32
		{D02BBF90-CC5B-4AD3-B637-2B9C8A790C6E}.Debug Unicode.Build.0 = Debug|Win32
		{D02BBF90-CC5B-4AD3-B637-2B9C8A790C6E}.Release.ActiveCfg = Release|Win32
		{D02BBF90-CC5B-4AD3-B637-2B9C8A790C6E}.Release.Build.0 = Release|Win32
		{D02BBF90-CC5B-4AD3-B637-2B9C8A790C6E}.Release Unicode.ActiveCfg = Release|Win32
		{D02BBF90-CC5B-4AD3-B637-2B9C8A790C6E}.Release Unicode.Build.0 = Release|Win32
		{50DE1C4B-8A9A-4512-8755-6E8A610E70D3}.Debug.ActiveCfg = Debug|Win32
		{50DE1C4B-8A9A-4512-8755-6E8A610E70D3}.Debug.Build.0 = Debug|Win32
		{50DE1C4B-8A9A-4512-8755-6E8A610E70D3}.Debug Unicode.ActiveCfg = Debug|Win32
		{50DE1C4B-8A9A-4512-8755-6E8A610E70D3}.Debug Unicode.Build.0 = Debug|Win32
		{50DE1C4B-8A9A-4512-8755-6E8A610E70D3}.Release.ActiveCfg = Release|Win32
		{50DE1C4B-8A9A-4512-8755-6E8A610E70D3}.Release.Build.0 = Release|Win32
		{50DE1C4B-8A9A-4512-8755-6E8A610E70D3}.Release Unicode.ActiveCfg = Release|Win32
		{50DE1C4B-8A9A-4512-8755-6E8A610E70D3}.Release Unicode.Build.0 = Release|Win32
		{AC87FE40-8934-49B5-8353-942817AED586}.Debug.ActiveCfg = Debug|Win32
		{AC87FE40-8934-49B5-8353-942817AED586}.Debug.Build.0 = Debug|Win32
		{AC87FE40-8934-49B5-8353-942817AED586}.Debug Unicode.ActiveCfg = Debug|Win32
		{AC87FE40-8934-49B5-8353-942817AED586}.Debug Unicode.Build.0 = Debug|Win32
		{AC87FE40-8934-49B5-8353-942817AED586}.Release.ActiveCfg = Release|Win32
		{AC87FE40-8934-49B5-8353-942817AED586}.Release.Build.0 = Release|Win32
		{AC87FE40-8934-49B5-8353-942817AED586}.Release Unicode.ActiveCfg = Release|Win32
		{AC87FE40-8934-49B5-8353-942817AED586}.Release Unicode.Build.0 = Release|Win32
		{82442190-6EDE-4A41-8282-119A5F796AA8}.Debug.ActiveCfg = Debug|Win32
		{82442190-6EDE-4A41-8282-119A5F796AA8}.Debug.Build.0 = Debug|Win32
		{82442190-6EDE-4A41-8282-119A5F796AA8}.Debug Unicode.ActiveCfg = Debug|Win32
		{82442190-6EDE-4A41-8282-119A5F796AA8}.Debug Unicode.Build.0 = Debug|Win32
		{82442190-6EDE-4A41-8282-119A5F796AA8}.Release.ActiveCfg = Release|Win32
		{82442190-6EDE-4A41-8282-119A5F796AA8}.Release.Build.0 = Release|Win32
		{82442190-6EDE-4A41-8282-119A5F796AA8}.Release Unicode.ActiveCfg = Release|Win32
		{82442190-6EDE-4A41-8282-119A5F796AA8}.Release Unicode.Build.0 = Release|Win32
		{700712D2-BF15-4AC4-8274-CA4336EEDD0C}.Debug.ActiveCfg = Debug|Win32
		{700712D2-BF15-4AC4-8274-CA4336EEDD0C}.Debug.Build.0 = Debug|Win32
		{700712D2-BF15-4AC4-8274-CA4336EEDD0C}.Debug Unicode.ActiveCfg = Debug|Win32
		{700712D2-BF15-4AC4-8274-CA4336EEDD0C}.Debug Unicode.Build.0 = Debug|Win32
		{700712D2-BF15-4AC4-8274-CA4336EEDD0C}.Release.ActiveCfg = Release|Win32
		{700712D2-BF15-4AC4-8274-CA4336EEDD0C}.Release.Build.0 = Release|Win32
		{700712D2-BF15-4AC4-8274-CA4336EEDD0C}.Release Unicode.ActiveCfg = Release|Win32
		{700712D2-BF15-4AC4-8274-CA4336EEDD0C}.Release Unicode.Build.0 = Release|Win32
		{151E6AC1-A099-42DB-B6CC-08456391ED3B}.Debug.ActiveCfg = Debug|Win32
		{151E6AC1-A099-42DB-B6CC-08456391ED3B}.Debug.Build.0 = Debug|Win32
		{151E6AC1-A099-42DB-B6CC-08456391ED3B}.Debug Unicode.ActiveCfg = Debug|Win32
		{151E6AC1-A099-42DB-B6CC-08456391ED3B}.Debug Unicode.Build.0 = Debug|Win32
		{151E6AC1-A099-42DB-B6CC-08456391ED3B}.Release.ActiveCfg = Release|Win32
		{151E6AC1-A099-42DB-B6CC-08456391ED3B}.Release.Build.0 = Release|Win32
		{151E6AC1-A099-42DB-B6CC-08456391ED3B}.Release Unicode.ActiveCfg = Release|Win32
		{151E6AC1-A099-42DB-B6CC-08456391ED3B}.Release Unicode.Build.0 = Release|Win32
		{E4AA2F92-28F1-4568-A04A-9212C435BDAB}.Debug.ActiveCfg = Debug|Win32
		{E4AA2F92-28F1-4568-A04A-9212C435BDAB}.Debug.Build.0 = Debug|Win32
		{E4AA2F92-28F1-4568-A04A-9212C435BDAB}.Debug Unicode.ActiveCfg = Debug|Win32
		{E4AA2F92-28F1-4568-A04A-9212C435BDAB}.Debug Unicode.Build.0 = Debug|Win32
		{E4AA2F92-28F1-4568-A04A-9212C435BDAB}.Release.ActiveCfg = Release|Win32
		{E4AA2F92-28F1-4568-A04A-9212C435BDAB}.Release.Build.0 = Release|Win32
		{E4AA2F92-28F1-4568-A04A-9212C435BDAB}.Release Unicode.ActiveCfg = Release|Win32
		{E4AA2F92-28F1-4568-A04A-9212C435BDAB}.Release Unicode.Build.0 = Release|Win32
		{D7EE016E-A747-4BAA-A5F0-3034C18D5DD2}.Debug.ActiveCfg = Debug|Win32
		{D7EE016E-A747-4BAA-A5F0-3034C18D5DD2}.Debug.Build.0 = Debug|Win32
		{D7EE016E-A747-4BAA-A5F0-3034C18D5DD2}.Debug Unicode.ActiveCfg = Debug|Win32
		{D7EE016E-A747-4BAA-A5F0-3034C18D5DD2}.Debug Unicode.Build.0 = Debug|Win32
		{D7EE016E-A747-4BAA-A5F0-3034C18D5DD2}.Release.ActiveCfg = Release|Win32
		{D7EE016E-A747-4BAA-A5F0-3034C18D5DD2}.Release.Build.0 = Release|Win32
		{D7EE016E-A747-4BAA-A5F0-3034C18D5DD2}.Release Unicode.ActiveCfg = Release|Win32
		{D7EE016E-A747-4BAA-A5F0-3034C18D5DD2}.Release Unicode.Build.0 = Release|Win32
	EndGlobalSection
	GlobalSection(ExtensibilityGlobals) = postSolution
	EndGlobalSection
	GlobalSection(ExtensibilityAddIns) = postSolution
	EndGlobalSection
EndGlobal
