Microsoft Visual Studio Solution File, Format Version 8.00
Project("{8BC9CEB8-8B4A-11D0-8D11-00A0C91BC942}") = "basic_usage", "basic_usage\basic_usage.vcproj", "{9E6C3B7B-D40F-4F75-8EDE-FDD1357249BC}"
	ProjectSection(ProjectDependencies) = postProject
	EndProjectSection
EndProject
Project("{8BC9CEB8-8B4A-11D0-8D11-00A0C91BC942}") = "the_exe", "the_exe\the_exe.vcproj", "{22A54AA3-89DB-4C94-A689-2F80DFD975D0}"
	ProjectSection(ProjectDependencies) = postProject
	EndProjectSection
EndProject
Project("{8BC9CEB8-8B4A-11D0-8D11-00A0C91BC942}") = "test", "test\test.vcproj", "{0BDA2EA6-7949-4281-A09B-02DC1BC8C775}"
	ProjectSection(ProjectDependencies) = postProject
	EndProjectSection
EndProject
Global
	GlobalSection(SolutionConfiguration) = preSolution
		Debug = Debug
		Release = Release
	EndGlobalSection
	GlobalSection(ProjectDependencies) = postSolution
	EndGlobalSection
	GlobalSection(ProjectConfiguration) = postSolution
		{9E6C3B7B-D40F-4F75-8EDE-FDD1357249BC}.Debug.ActiveCfg = Debug|Win32
		{9E6C3B7B-D40F-4F75-8EDE-FDD1357249BC}.Debug.Build.0 = Debug|Win32
		{9E6C3B7B-D40F-4F75-8EDE-FDD1357249BC}.Release.ActiveCfg = Release|Win32
		{9E6C3B7B-D40F-4F75-8EDE-FDD1357249BC}.Release.Build.0 = Release|Win32
		{22A54AA3-89DB-4C94-A689-2F80DFD975D0}.Debug.ActiveCfg = Debug|Win32
		{22A54AA3-89DB-4C94-A689-2F80DFD975D0}.Debug.Build.0 = Debug|Win32
		{22A54AA3-89DB-4C94-A689-2F80DFD975D0}.Release.ActiveCfg = Release|Win32
		{22A54AA3-89DB-4C94-A689-2F80DFD975D0}.Release.Build.0 = Release|Win32
		{0BDA2EA6-7949-4281-A09B-02DC1BC8C775}.Debug.ActiveCfg = Debug|Win32
		{0BDA2EA6-7949-4281-A09B-02DC1BC8C775}.Debug.Build.0 = Debug|Win32
		{0BDA2EA6-7949-4281-A09B-02DC1BC8C775}.Release.ActiveCfg = Release|Win32
		{0BDA2EA6-7949-4281-A09B-02DC1BC8C775}.Release.Build.0 = Release|Win32
	EndGlobalSection
	GlobalSection(ExtensibilityGlobals) = postSolution
	EndGlobalSection
	GlobalSection(ExtensibilityAddIns) = postSolution
	EndGlobalSection
EndGlobal
