Microsoft Visual Studio Solution File, Format Version 8.00
Project("{8BC9CEB8-8B4A-11D0-8D11-00A0C91BC942}") = "GuiLib", "GuiLib\GuiLib.vcproj", "{57AB356C-AB5A-4C35-A850-36B898654844}"
	ProjectSection(ProjectDependencies) = postProject
	EndProjectSection
EndProject
Project("{8BC9CEB8-8B4A-11D0-8D11-00A0C91BC942}") = "GuiLibStatic", "GuiLib\GuiLibStatic.vcproj", "{ED501326-33EC-48BC-A634-7E40392E41D3}"
	ProjectSection(ProjectDependencies) = postProject
	EndProjectSection
EndProject
Global
	GlobalSection(SolutionConfiguration) = preSolution
		Debug = Debug
		Debug Unicode = Debug Unicode
		Release = Release
		Release Unicode = Release Unicode
	EndGlobalSection
	GlobalSection(ProjectConfiguration) = postSolution
		{57AB356C-AB5A-4C35-A850-36B898654844}.Debug.ActiveCfg = Debug|Win32
		{57AB356C-AB5A-4C35-A850-36B898654844}.Debug.Build.0 = Debug|Win32
		{57AB356C-AB5A-4C35-A850-36B898654844}.Debug Unicode.ActiveCfg = Debug Unicode|Win32
		{57AB356C-AB5A-4C35-A850-36B898654844}.Debug Unicode.Build.0 = Debug Unicode|Win32
		{57AB356C-AB5A-4C35-A850-36B898654844}.Release.ActiveCfg = Release|Win32
		{57AB356C-AB5A-4C35-A850-36B898654844}.Release.Build.0 = Release|Win32
		{57AB356C-AB5A-4C35-A850-36B898654844}.Release Unicode.ActiveCfg = Release Unicode|Win32
		{57AB356C-AB5A-4C35-A850-36B898654844}.Release Unicode.Build.0 = Release Unicode|Win32
		{ED501326-33EC-48BC-A634-7E40392E41D3}.Debug.ActiveCfg = Debug|Win32
		{ED501326-33EC-48BC-A634-7E40392E41D3}.Debug.Build.0 = Debug|Win32
		{ED501326-33EC-48BC-A634-7E40392E41D3}.Debug Unicode.ActiveCfg = Debug Unicode|Win32
		{ED501326-33EC-48BC-A634-7E40392E41D3}.Debug Unicode.Build.0 = Debug Unicode|Win32
		{ED501326-33EC-48BC-A634-7E40392E41D3}.Release.ActiveCfg = Release|Win32
		{ED501326-33EC-48BC-A634-7E40392E41D3}.Release.Build.0 = Release|Win32
		{ED501326-33EC-48BC-A634-7E40392E41D3}.Release Unicode.ActiveCfg = Release Unicode|Win32
		{ED501326-33EC-48BC-A634-7E40392E41D3}.Release Unicode.Build.0 = Release Unicode|Win32
	EndGlobalSection
	GlobalSection(ExtensibilityGlobals) = postSolution
	EndGlobalSection
	GlobalSection(ExtensibilityAddIns) = postSolution
	EndGlobalSection
EndGlobal
