Microsoft Visual Studio Solution File, Format Version 10.00
# Visual Studio 2008
Project("{8BC9CEB8-8B4A-11D0-8D11-00A0C91BC942}") = "GuiLib", "GuiLib\GuiLib.vcproj", "{E1ECC3F7-47A0-42A5-B976-D7B4C1E62C74}"
EndProject
Project("{8BC9CEB8-8B4A-11D0-8D11-00A0C91BC942}") = "GuiLibStatic", "GuiLib\GuiLibStatic.vcproj", "{C2BDB154-231C-4561-8860-9F4C7673C1A2}"
EndProject
Project("{8BC9CEB8-8B4A-11D0-8D11-00A0C91BC942}") = "CGuiAccess", "Samples\CGuiAccess\CGuiAccess.vcproj", "{4D907BD1-B1C5-4D69-8BBE-F5AF35802C0A}"
	ProjectSection(ProjectDependencies) = postProject
		{C2BDB154-231C-4561-8860-9F4C7673C1A2} = {C2BDB154-231C-4561-8860-9F4C7673C1A2}
		{E1ECC3F7-47A0-42A5-B976-D7B4C1E62C74} = {E1ECC3F7-47A0-42A5-B976-D7B4C1E62C74}
	EndProjectSection
EndProject
Project("{8BC9CEB8-8B4A-11D0-8D11-00A0C91BC942}") = "CGuiFlatTabbedView", "Samples\CGuiFlatTabbedView\CGuiFlatTabbedView.vcproj", "{01A1474B-6143-4D3D-9269-05D50EDEAA8D}"
	ProjectSection(ProjectDependencies) = postProject
		{C2BDB154-231C-4561-8860-9F4C7673C1A2} = {C2BDB154-231C-4561-8860-9F4C7673C1A2}
		{E1ECC3F7-47A0-42A5-B976-D7B4C1E62C74} = {E1ECC3F7-47A0-42A5-B976-D7B4C1E62C74}
	EndProjectSection
EndProject
Project("{8BC9CEB8-8B4A-11D0-8D11-00A0C91BC942}") = "CGuiOfficeDemo", "Samples\CGuiOfficeDemo\CGuiOfficeDemo.vcproj", "{FA547D53-976E-4F7D-A563-903B0CAD45CE}"
	ProjectSection(ProjectDependencies) = postProject
		{C2BDB154-231C-4561-8860-9F4C7673C1A2} = {C2BDB154-231C-4561-8860-9F4C7673C1A2}
		{E1ECC3F7-47A0-42A5-B976-D7B4C1E62C74} = {E1ECC3F7-47A0-42A5-B976-D7B4C1E62C74}
	EndProjectSection
EndProject
Project("{8BC9CEB8-8B4A-11D0-8D11-00A0C91BC942}") = "CGuiPowerPoint", "Samples\CGuiPowerPoint\CGuiPowerPoint.vcproj", "{E8AE9E88-C363-44C9-AF49-920DDD5FA8A2}"
	ProjectSection(ProjectDependencies) = postProject
		{C2BDB154-231C-4561-8860-9F4C7673C1A2} = {C2BDB154-231C-4561-8860-9F4C7673C1A2}
		{E1ECC3F7-47A0-42A5-B976-D7B4C1E62C74} = {E1ECC3F7-47A0-42A5-B976-D7B4C1E62C74}
	EndProjectSection
EndProject
Project("{8BC9CEB8-8B4A-11D0-8D11-00A0C91BC942}") = "CGuiTabbedDemo", "Samples\CGuiTabbedDemo\CGuiTabbedDemo.vcproj", "{83D27285-60B2-40BD-8603-BEE8E0BC6898}"
	ProjectSection(ProjectDependencies) = postProject
		{C2BDB154-231C-4561-8860-9F4C7673C1A2} = {C2BDB154-231C-4561-8860-9F4C7673C1A2}
		{E1ECC3F7-47A0-42A5-B976-D7B4C1E62C74} = {E1ECC3F7-47A0-42A5-B976-D7B4C1E62C74}
	EndProjectSection
EndProject
Project("{8BC9CEB8-8B4A-11D0-8D11-00A0C91BC942}") = "DialogExcelTabs", "Samples\DialogExcelTabs\DialogExcelTabs.vcproj", "{440E8FA5-34D7-4216-A1C3-8C2739FA4308}"
	ProjectSection(ProjectDependencies) = postProject
		{C2BDB154-231C-4561-8860-9F4C7673C1A2} = {C2BDB154-231C-4561-8860-9F4C7673C1A2}
		{E1ECC3F7-47A0-42A5-B976-D7B4C1E62C74} = {E1ECC3F7-47A0-42A5-B976-D7B4C1E62C74}
	EndProjectSection
EndProject
Project("{8BC9CEB8-8B4A-11D0-8D11-00A0C91BC942}") = "EditListBox", "Samples\EditListBox\EditListBox.vcproj", "{5F6900A6-C565-4224-BB2B-4A798B0CF6EA}"
	ProjectSection(ProjectDependencies) = postProject
		{C2BDB154-231C-4561-8860-9F4C7673C1A2} = {C2BDB154-231C-4561-8860-9F4C7673C1A2}
		{E1ECC3F7-47A0-42A5-B976-D7B4C1E62C74} = {E1ECC3F7-47A0-42A5-B976-D7B4C1E62C74}
	EndProjectSection
EndProject
Project("{8BC9CEB8-8B4A-11D0-8D11-00A0C91BC942}") = "GuiHeaderControl", "Samples\GuiHeaderControl\GuiHeaderControl.vcproj", "{9F3A2BDD-58FF-4832-8D30-FEDC0DC4A198}"
	ProjectSection(ProjectDependencies) = postProject
		{C2BDB154-231C-4561-8860-9F4C7673C1A2} = {C2BDB154-231C-4561-8860-9F4C7673C1A2}
		{E1ECC3F7-47A0-42A5-B976-D7B4C1E62C74} = {E1ECC3F7-47A0-42A5-B976-D7B4C1E62C74}
	EndProjectSection
EndProject
Project("{8BC9CEB8-8B4A-11D0-8D11-00A0C91BC942}") = "GuiPanelAccessDemo", "Samples\GuiPanelAccessDemo\GuiPanelAccessDemo.vcproj", "{FF73A367-7F50-46A4-8B71-A533F1AAAA32}"
	ProjectSection(ProjectDependencies) = postProject
		{C2BDB154-231C-4561-8860-9F4C7673C1A2} = {C2BDB154-231C-4561-8860-9F4C7673C1A2}
		{E1ECC3F7-47A0-42A5-B976-D7B4C1E62C74} = {E1ECC3F7-47A0-42A5-B976-D7B4C1E62C74}
	EndProjectSection
EndProject
Project("{8BC9CEB8-8B4A-11D0-8D11-00A0C91BC942}") = "GuiVisioDemo", "Samples\GuiVisioDemo\GuiVisioDemo.vcproj", "{4A26B271-F2D2-4E87-8A42-0815F54FBDCD}"
	ProjectSection(ProjectDependencies) = postProject
		{C2BDB154-231C-4561-8860-9F4C7673C1A2} = {C2BDB154-231C-4561-8860-9F4C7673C1A2}
		{E1ECC3F7-47A0-42A5-B976-D7B4C1E62C74} = {E1ECC3F7-47A0-42A5-B976-D7B4C1E62C74}
	EndProjectSection
EndProject
Project("{8BC9CEB8-8B4A-11D0-8D11-00A0C91BC942}") = "Gui_DevStudio", "Samples\Gui_DevStudio\Gui_DevStudio.vcproj", "{ED753357-2F63-4E32-813D-110F9647805B}"
	ProjectSection(ProjectDependencies) = postProject
		{C2BDB154-231C-4561-8860-9F4C7673C1A2} = {C2BDB154-231C-4561-8860-9F4C7673C1A2}
		{E1ECC3F7-47A0-42A5-B976-D7B4C1E62C74} = {E1ECC3F7-47A0-42A5-B976-D7B4C1E62C74}
	EndProjectSection
EndProject
Project("{8BC9CEB8-8B4A-11D0-8D11-00A0C91BC942}") = "OutlookDemo", "Samples\OutlookDemo\OutlookDemo.vcproj", "{E346E0FC-7760-40A0-8929-B3B1FEB7E692}"
	ProjectSection(ProjectDependencies) = postProject
		{C2BDB154-231C-4561-8860-9F4C7673C1A2} = {C2BDB154-231C-4561-8860-9F4C7673C1A2}
		{E1ECC3F7-47A0-42A5-B976-D7B4C1E62C74} = {E1ECC3F7-47A0-42A5-B976-D7B4C1E62C74}
	EndProjectSection
EndProject
Project("{8BC9CEB8-8B4A-11D0-8D11-00A0C91BC942}") = "SDIDemo", "Samples\SDIDemo\SDIDemo.vcproj", "{FFCB63CE-5BDC-4427-BCCF-1DA6CFAC927E}"
	ProjectSection(ProjectDependencies) = postProject
		{C2BDB154-231C-4561-8860-9F4C7673C1A2} = {C2BDB154-231C-4561-8860-9F4C7673C1A2}
		{E1ECC3F7-47A0-42A5-B976-D7B4C1E62C74} = {E1ECC3F7-47A0-42A5-B976-D7B4C1E62C74}
	EndProjectSection
EndProject
Project("{8BC9CEB8-8B4A-11D0-8D11-00A0C91BC942}") = "TestDlg", "Samples\TestDlg\TestDlg.vcproj", "{CAF499C1-65C4-49D6-99A7-BAFC3E4A3FA8}"
	ProjectSection(ProjectDependencies) = postProject
		{C2BDB154-231C-4561-8860-9F4C7673C1A2} = {C2BDB154-231C-4561-8860-9F4C7673C1A2}
		{E1ECC3F7-47A0-42A5-B976-D7B4C1E62C74} = {E1ECC3F7-47A0-42A5-B976-D7B4C1E62C74}
	EndProjectSection
EndProject
Project("{8BC9CEB8-8B4A-11D0-8D11-00A0C91BC942}") = "ToolBarsDemo", "Samples\ToolBarsDemo\ToolBarsDemo.vcproj", "{8600F0BD-12B3-47A0-8C51-9A3FA5B4C5E1}"
	ProjectSection(ProjectDependencies) = postProject
		{C2BDB154-231C-4561-8860-9F4C7673C1A2} = {C2BDB154-231C-4561-8860-9F4C7673C1A2}
		{E1ECC3F7-47A0-42A5-B976-D7B4C1E62C74} = {E1ECC3F7-47A0-42A5-B976-D7B4C1E62C74}
	EndProjectSection
EndProject
Project("{8BC9CEB8-8B4A-11D0-8D11-00A0C91BC942}") = "dialogcontrols", "Samples\dialogcontrols\dialogcontrols.vcproj", "{33766A59-1823-41B3-90D3-FABB532B5F09}"
	ProjectSection(ProjectDependencies) = postProject
		{C2BDB154-231C-4561-8860-9F4C7673C1A2} = {C2BDB154-231C-4561-8860-9F4C7673C1A2}
		{E1ECC3F7-47A0-42A5-B976-D7B4C1E62C74} = {E1ECC3F7-47A0-42A5-B976-D7B4C1E62C74}
	EndProjectSection
EndProject
Global
	GlobalSection(SolutionConfigurationPlatforms) = preSolution
		Debug Unicode|Win32 = Debug Unicode|Win32
		Debug|Win32 = Debug|Win32
		Release Unicode|Win32 = Release Unicode|Win32
		Release|Win32 = Release|Win32
	EndGlobalSection
	GlobalSection(ProjectConfigurationPlatforms) = postSolution
		{E1ECC3F7-47A0-42A5-B976-D7B4C1E62C74}.Debug Unicode|Win32.ActiveCfg = Debug Unicode|Win32
		{E1ECC3F7-47A0-42A5-B976-D7B4C1E62C74}.Debug Unicode|Win32.Build.0 = Debug Unicode|Win32
		{E1ECC3F7-47A0-42A5-B976-D7B4C1E62C74}.Debug|Win32.ActiveCfg = Debug|Win32
		{E1ECC3F7-47A0-42A5-B976-D7B4C1E62C74}.Debug|Win32.Build.0 = Debug|Win32
		{E1ECC3F7-47A0-42A5-B976-D7B4C1E62C74}.Release Unicode|Win32.ActiveCfg = Release Unicode|Win32
		{E1ECC3F7-47A0-42A5-B976-D7B4C1E62C74}.Release Unicode|Win32.Build.0 = Release Unicode|Win32
		{E1ECC3F7-47A0-42A5-B976-D7B4C1E62C74}.Release|Win32.ActiveCfg = Release|Win32
		{E1ECC3F7-47A0-42A5-B976-D7B4C1E62C74}.Release|Win32.Build.0 = Release|Win32
		{C2BDB154-231C-4561-8860-9F4C7673C1A2}.Debug Unicode|Win32.ActiveCfg = Debug Unicode|Win32
		{C2BDB154-231C-4561-8860-9F4C7673C1A2}.Debug Unicode|Win32.Build.0 = Debug Unicode|Win32
		{C2BDB154-231C-4561-8860-9F4C7673C1A2}.Debug|Win32.ActiveCfg = Debug|Win32
		{C2BDB154-231C-4561-8860-9F4C7673C1A2}.Debug|Win32.Build.0 = Debug|Win32
		{C2BDB154-231C-4561-8860-9F4C7673C1A2}.Release Unicode|Win32.ActiveCfg = Release Unicode|Win32
		{C2BDB154-231C-4561-8860-9F4C7673C1A2}.Release Unicode|Win32.Build.0 = Release Unicode|Win32
		{C2BDB154-231C-4561-8860-9F4C7673C1A2}.Release|Win32.ActiveCfg = Release|Win32
		{C2BDB154-231C-4561-8860-9F4C7673C1A2}.Release|Win32.Build.0 = Release|Win32
		{4D907BD1-B1C5-4D69-8BBE-F5AF35802C0A}.Debug Unicode|Win32.ActiveCfg = Debug|Win32
		{4D907BD1-B1C5-4D69-8BBE-F5AF35802C0A}.Debug Unicode|Win32.Build.0 = Debug|Win32
		{4D907BD1-B1C5-4D69-8BBE-F5AF35802C0A}.Debug|Win32.ActiveCfg = Debug|Win32
		{4D907BD1-B1C5-4D69-8BBE-F5AF35802C0A}.Debug|Win32.Build.0 = Debug|Win32
		{4D907BD1-B1C5-4D69-8BBE-F5AF35802C0A}.Release Unicode|Win32.ActiveCfg = Release|Win32
		{4D907BD1-B1C5-4D69-8BBE-F5AF35802C0A}.Release Unicode|Win32.Build.0 = Release|Win32
		{4D907BD1-B1C5-4D69-8BBE-F5AF35802C0A}.Release|Win32.ActiveCfg = Release|Win32
		{4D907BD1-B1C5-4D69-8BBE-F5AF35802C0A}.Release|Win32.Build.0 = Release|Win32
		{01A1474B-6143-4D3D-9269-05D50EDEAA8D}.Debug Unicode|Win32.ActiveCfg = Debug|Win32
		{01A1474B-6143-4D3D-9269-05D50EDEAA8D}.Debug Unicode|Win32.Build.0 = Debug|Win32
		{01A1474B-6143-4D3D-9269-05D50EDEAA8D}.Debug|Win32.ActiveCfg = Debug|Win32
		{01A1474B-6143-4D3D-9269-05D50EDEAA8D}.Debug|Win32.Build.0 = Debug|Win32
		{01A1474B-6143-4D3D-9269-05D50EDEAA8D}.Release Unicode|Win32.ActiveCfg = Release|Win32
		{01A1474B-6143-4D3D-9269-05D50EDEAA8D}.Release Unicode|Win32.Build.0 = Release|Win32
		{01A1474B-6143-4D3D-9269-05D50EDEAA8D}.Release|Win32.ActiveCfg = Release|Win32
		{01A1474B-6143-4D3D-9269-05D50EDEAA8D}.Release|Win32.Build.0 = Release|Win32
		{FA547D53-976E-4F7D-A563-903B0CAD45CE}.Debug Unicode|Win32.ActiveCfg = Debug|Win32
		{FA547D53-976E-4F7D-A563-903B0CAD45CE}.Debug Unicode|Win32.Build.0 = Debug|Win32
		{FA547D53-976E-4F7D-A563-903B0CAD45CE}.Debug|Win32.ActiveCfg = Debug|Win32
		{FA547D53-976E-4F7D-A563-903B0CAD45CE}.Debug|Win32.Build.0 = Debug|Win32
		{FA547D53-976E-4F7D-A563-903B0CAD45CE}.Release Unicode|Win32.ActiveCfg = Release|Win32
		{FA547D53-976E-4F7D-A563-903B0CAD45CE}.Release Unicode|Win32.Build.0 = Release|Win32
		{FA547D53-976E-4F7D-A563-903B0CAD45CE}.Release|Win32.ActiveCfg = Release|Win32
		{FA547D53-976E-4F7D-A563-903B0CAD45CE}.Release|Win32.Build.0 = Release|Win32
		{E8AE9E88-C363-44C9-AF49-920DDD5FA8A2}.Debug Unicode|Win32.ActiveCfg = Debug|Win32
		{E8AE9E88-C363-44C9-AF49-920DDD5FA8A2}.Debug Unicode|Win32.Build.0 = Debug|Win32
		{E8AE9E88-C363-44C9-AF49-920DDD5FA8A2}.Debug|Win32.ActiveCfg = Debug|Win32
		{E8AE9E88-C363-44C9-AF49-920DDD5FA8A2}.Debug|Win32.Build.0 = Debug|Win32
		{E8AE9E88-C363-44C9-AF49-920DDD5FA8A2}.Release Unicode|Win32.ActiveCfg = Release|Win32
		{E8AE9E88-C363-44C9-AF49-920DDD5FA8A2}.Release Unicode|Win32.Build.0 = Release|Win32
		{E8AE9E88-C363-44C9-AF49-920DDD5FA8A2}.Release|Win32.ActiveCfg = Release|Win32
		{E8AE9E88-C363-44C9-AF49-920DDD5FA8A2}.Release|Win32.Build.0 = Release|Win32
		{83D27285-60B2-40BD-8603-BEE8E0BC6898}.Debug Unicode|Win32.ActiveCfg = Debug|Win32
		{83D27285-60B2-40BD-8603-BEE8E0BC6898}.Debug Unicode|Win32.Build.0 = Debug|Win32
		{83D27285-60B2-40BD-8603-BEE8E0BC6898}.Debug|Win32.ActiveCfg = Debug|Win32
		{83D27285-60B2-40BD-8603-BEE8E0BC6898}.Debug|Win32.Build.0 = Debug|Win32
		{83D27285-60B2-40BD-8603-BEE8E0BC6898}.Release Unicode|Win32.ActiveCfg = Release|Win32
		{83D27285-60B2-40BD-8603-BEE8E0BC6898}.Release Unicode|Win32.Build.0 = Release|Win32
		{83D27285-60B2-40BD-8603-BEE8E0BC6898}.Release|Win32.ActiveCfg = Release|Win32
		{83D27285-60B2-40BD-8603-BEE8E0BC6898}.Release|Win32.Build.0 = Release|Win32
		{440E8FA5-34D7-4216-A1C3-8C2739FA4308}.Debug Unicode|Win32.ActiveCfg = Debug|Win32
		{440E8FA5-34D7-4216-A1C3-8C2739FA4308}.Debug Unicode|Win32.Build.0 = Debug|Win32
		{440E8FA5-34D7-4216-A1C3-8C2739FA4308}.Debug|Win32.ActiveCfg = Debug|Win32
		{440E8FA5-34D7-4216-A1C3-8C2739FA4308}.Debug|Win32.Build.0 = Debug|Win32
		{440E8FA5-34D7-4216-A1C3-8C2739FA4308}.Release Unicode|Win32.ActiveCfg = Release|Win32
		{440E8FA5-34D7-4216-A1C3-8C2739FA4308}.Release Unicode|Win32.Build.0 = Release|Win32
		{440E8FA5-34D7-4216-A1C3-8C2739FA4308}.Release|Win32.ActiveCfg = Release|Win32
		{440E8FA5-34D7-4216-A1C3-8C2739FA4308}.Release|Win32.Build.0 = Release|Win32
		{5F6900A6-C565-4224-BB2B-4A798B0CF6EA}.Debug Unicode|Win32.ActiveCfg = Debug|Win32
		{5F6900A6-C565-4224-BB2B-4A798B0CF6EA}.Debug Unicode|Win32.Build.0 = Debug|Win32
		{5F6900A6-C565-4224-BB2B-4A798B0CF6EA}.Debug|Win32.ActiveCfg = Debug|Win32
		{5F6900A6-C565-4224-BB2B-4A798B0CF6EA}.Debug|Win32.Build.0 = Debug|Win32
		{5F6900A6-C565-4224-BB2B-4A798B0CF6EA}.Release Unicode|Win32.ActiveCfg = Release|Win32
		{5F6900A6-C565-4224-BB2B-4A798B0CF6EA}.Release Unicode|Win32.Build.0 = Release|Win32
		{5F6900A6-C565-4224-BB2B-4A798B0CF6EA}.Release|Win32.ActiveCfg = Release|Win32
		{5F6900A6-C565-4224-BB2B-4A798B0CF6EA}.Release|Win32.Build.0 = Release|Win32
		{9F3A2BDD-58FF-4832-8D30-FEDC0DC4A198}.Debug Unicode|Win32.ActiveCfg = Debug|Win32
		{9F3A2BDD-58FF-4832-8D30-FEDC0DC4A198}.Debug Unicode|Win32.Build.0 = Debug|Win32
		{9F3A2BDD-58FF-4832-8D30-FEDC0DC4A198}.Debug|Win32.ActiveCfg = Debug|Win32
		{9F3A2BDD-58FF-4832-8D30-FEDC0DC4A198}.Debug|Win32.Build.0 = Debug|Win32
		{9F3A2BDD-58FF-4832-8D30-FEDC0DC4A198}.Release Unicode|Win32.ActiveCfg = Release|Win32
		{9F3A2BDD-58FF-4832-8D30-FEDC0DC4A198}.Release Unicode|Win32.Build.0 = Release|Win32
		{9F3A2BDD-58FF-4832-8D30-FEDC0DC4A198}.Release|Win32.ActiveCfg = Release|Win32
		{9F3A2BDD-58FF-4832-8D30-FEDC0DC4A198}.Release|Win32.Build.0 = Release|Win32
		{FF73A367-7F50-46A4-8B71-A533F1AAAA32}.Debug Unicode|Win32.ActiveCfg = Debug|Win32
		{FF73A367-7F50-46A4-8B71-A533F1AAAA32}.Debug Unicode|Win32.Build.0 = Debug|Win32
		{FF73A367-7F50-46A4-8B71-A533F1AAAA32}.Debug|Win32.ActiveCfg = Debug|Win32
		{FF73A367-7F50-46A4-8B71-A533F1AAAA32}.Debug|Win32.Build.0 = Debug|Win32
		{FF73A367-7F50-46A4-8B71-A533F1AAAA32}.Release Unicode|Win32.ActiveCfg = Release|Win32
		{FF73A367-7F50-46A4-8B71-A533F1AAAA32}.Release Unicode|Win32.Build.0 = Release|Win32
		{FF73A367-7F50-46A4-8B71-A533F1AAAA32}.Release|Win32.ActiveCfg = Release|Win32
		{FF73A367-7F50-46A4-8B71-A533F1AAAA32}.Release|Win32.Build.0 = Release|Win32
		{4A26B271-F2D2-4E87-8A42-0815F54FBDCD}.Debug Unicode|Win32.ActiveCfg = Debug|Win32
		{4A26B271-F2D2-4E87-8A42-0815F54FBDCD}.Debug Unicode|Win32.Build.0 = Debug|Win32
		{4A26B271-F2D2-4E87-8A42-0815F54FBDCD}.Debug|Win32.ActiveCfg = Debug|Win32
		{4A26B271-F2D2-4E87-8A42-0815F54FBDCD}.Debug|Win32.Build.0 = Debug|Win32
		{4A26B271-F2D2-4E87-8A42-0815F54FBDCD}.Release Unicode|Win32.ActiveCfg = Release|Win32
		{4A26B271-F2D2-4E87-8A42-0815F54FBDCD}.Release Unicode|Win32.Build.0 = Release|Win32
		{4A26B271-F2D2-4E87-8A42-0815F54FBDCD}.Release|Win32.ActiveCfg = Release|Win32
		{4A26B271-F2D2-4E87-8A42-0815F54FBDCD}.Release|Win32.Build.0 = Release|Win32
		{ED753357-2F63-4E32-813D-110F9647805B}.Debug Unicode|Win32.ActiveCfg = Debug|Win32
		{ED753357-2F63-4E32-813D-110F9647805B}.Debug Unicode|Win32.Build.0 = Debug|Win32
		{ED753357-2F63-4E32-813D-110F9647805B}.Debug|Win32.ActiveCfg = Debug|Win32
		{ED753357-2F63-4E32-813D-110F9647805B}.Debug|Win32.Build.0 = Debug|Win32
		{ED753357-2F63-4E32-813D-110F9647805B}.Release Unicode|Win32.ActiveCfg = Release|Win32
		{ED753357-2F63-4E32-813D-110F9647805B}.Release Unicode|Win32.Build.0 = Release|Win32
		{ED753357-2F63-4E32-813D-110F9647805B}.Release|Win32.ActiveCfg = Release|Win32
		{ED753357-2F63-4E32-813D-110F9647805B}.Release|Win32.Build.0 = Release|Win32
		{E346E0FC-7760-40A0-8929-B3B1FEB7E692}.Debug Unicode|Win32.ActiveCfg = Debug|Win32
		{E346E0FC-7760-40A0-8929-B3B1FEB7E692}.Debug Unicode|Win32.Build.0 = Debug|Win32
		{E346E0FC-7760-40A0-8929-B3B1FEB7E692}.Debug|Win32.ActiveCfg = Debug|Win32
		{E346E0FC-7760-40A0-8929-B3B1FEB7E692}.Debug|Win32.Build.0 = Debug|Win32
		{E346E0FC-7760-40A0-8929-B3B1FEB7E692}.Release Unicode|Win32.ActiveCfg = Release|Win32
		{E346E0FC-7760-40A0-8929-B3B1FEB7E692}.Release Unicode|Win32.Build.0 = Release|Win32
		{E346E0FC-7760-40A0-8929-B3B1FEB7E692}.Release|Win32.ActiveCfg = Release|Win32
		{E346E0FC-7760-40A0-8929-B3B1FEB7E692}.Release|Win32.Build.0 = Release|Win32
		{FFCB63CE-5BDC-4427-BCCF-1DA6CFAC927E}.Debug Unicode|Win32.ActiveCfg = Debug|Win32
		{FFCB63CE-5BDC-4427-BCCF-1DA6CFAC927E}.Debug Unicode|Win32.Build.0 = Debug|Win32
		{FFCB63CE-5BDC-4427-BCCF-1DA6CFAC927E}.Debug|Win32.ActiveCfg = Debug|Win32
		{FFCB63CE-5BDC-4427-BCCF-1DA6CFAC927E}.Debug|Win32.Build.0 = Debug|Win32
		{FFCB63CE-5BDC-4427-BCCF-1DA6CFAC927E}.Release Unicode|Win32.ActiveCfg = Release|Win32
		{FFCB63CE-5BDC-4427-BCCF-1DA6CFAC927E}.Release Unicode|Win32.Build.0 = Release|Win32
		{FFCB63CE-5BDC-4427-BCCF-1DA6CFAC927E}.Release|Win32.ActiveCfg = Release|Win32
		{FFCB63CE-5BDC-4427-BCCF-1DA6CFAC927E}.Release|Win32.Build.0 = Release|Win32
		{CAF499C1-65C4-49D6-99A7-BAFC3E4A3FA8}.Debug Unicode|Win32.ActiveCfg = Debug|Win32
		{CAF499C1-65C4-49D6-99A7-BAFC3E4A3FA8}.Debug Unicode|Win32.Build.0 = Debug|Win32
		{CAF499C1-65C4-49D6-99A7-BAFC3E4A3FA8}.Debug|Win32.ActiveCfg = Debug|Win32
		{CAF499C1-65C4-49D6-99A7-BAFC3E4A3FA8}.Debug|Win32.Build.0 = Debug|Win32
		{CAF499C1-65C4-49D6-99A7-BAFC3E4A3FA8}.Release Unicode|Win32.ActiveCfg = Release|Win32
		{CAF499C1-65C4-49D6-99A7-BAFC3E4A3FA8}.Release Unicode|Win32.Build.0 = Release|Win32
		{CAF499C1-65C4-49D6-99A7-BAFC3E4A3FA8}.Release|Win32.ActiveCfg = Release|Win32
		{CAF499C1-65C4-49D6-99A7-BAFC3E4A3FA8}.Release|Win32.Build.0 = Release|Win32
		{8600F0BD-12B3-47A0-8C51-9A3FA5B4C5E1}.Debug Unicode|Win32.ActiveCfg = Debug|Win32
		{8600F0BD-12B3-47A0-8C51-9A3FA5B4C5E1}.Debug Unicode|Win32.Build.0 = Debug|Win32
		{8600F0BD-12B3-47A0-8C51-9A3FA5B4C5E1}.Debug|Win32.ActiveCfg = Debug|Win32
		{8600F0BD-12B3-47A0-8C51-9A3FA5B4C5E1}.Debug|Win32.Build.0 = Debug|Win32
		{8600F0BD-12B3-47A0-8C51-9A3FA5B4C5E1}.Release Unicode|Win32.ActiveCfg = Release|Win32
		{8600F0BD-12B3-47A0-8C51-9A3FA5B4C5E1}.Release Unicode|Win32.Build.0 = Release|Win32
		{8600F0BD-12B3-47A0-8C51-9A3FA5B4C5E1}.Release|Win32.ActiveCfg = Release|Win32
		{8600F0BD-12B3-47A0-8C51-9A3FA5B4C5E1}.Release|Win32.Build.0 = Release|Win32
		{33766A59-1823-41B3-90D3-FABB532B5F09}.Debug Unicode|Win32.ActiveCfg = Debug|Win32
		{33766A59-1823-41B3-90D3-FABB532B5F09}.Debug Unicode|Win32.Build.0 = Debug|Win32
		{33766A59-1823-41B3-90D3-FABB532B5F09}.Debug|Win32.ActiveCfg = Debug|Win32
		{33766A59-1823-41B3-90D3-FABB532B5F09}.Debug|Win32.Build.0 = Debug|Win32
		{33766A59-1823-41B3-90D3-FABB532B5F09}.Release Unicode|Win32.ActiveCfg = Release|Win32
		{33766A59-1823-41B3-90D3-FABB532B5F09}.Release Unicode|Win32.Build.0 = Release|Win32
		{33766A59-1823-41B3-90D3-FABB532B5F09}.Release|Win32.ActiveCfg = Release|Win32
		{33766A59-1823-41B3-90D3-FABB532B5F09}.Release|Win32.Build.0 = Release|Win32
	EndGlobalSection
	GlobalSection(SolutionProperties) = preSolution
		HideSolutionNode = FALSE
	EndGlobalSection
EndGlobal
