Microsoft Visual Studio Solution File, Format Version 8.00
Project("{8BC9CEB8-8B4A-11D0-8D11-00A0C91BC942}") = "curllib", "lib\curllib.vcproj", "{DD24FA41-18C7-4FCA-9D3A-75DB443D4AB7}"
	ProjectSection(ProjectDependencies) = postProject
	EndProjectSection
EndProject
Project("{8BC9CEB8-8B4A-11D0-8D11-00A0C91BC942}") = "curlsrc", "src\curlsrc.vcproj", "{71EF6EB8-693C-4A6F-B422-5847C287CA71}"
	ProjectSection(ProjectDependencies) = postProject
		{DD24FA41-18C7-4FCA-9D3A-75DB443D4AB7} = {DD24FA41-18C7-4FCA-9D3A-75DB443D4AB7}
	EndProjectSection
EndProject
Global
	GlobalSection(SolutionConfiguration) = preSolution
		DLL Debug = DLL Debug
		DLL Release = DLL Release
		LIB Debug = LIB Debug
		LIB Release = LIB Release
		using libcurl DLL Debug = using libcurl DLL Debug
		using libcurl DLL Release = using libcurl DLL Release
		using libcurl LIB Debug = using libcurl LIB Debug
		using libcurl LIB Release = using libcurl LIB Release
	EndGlobalSection
	GlobalSection(ProjectConfiguration) = postSolution
		{DD24FA41-18C7-4FCA-9D3A-75DB443D4AB7}.DLL Debug.ActiveCfg = DLL Debug|Win32
		{DD24FA41-18C7-4FCA-9D3A-75DB443D4AB7}.DLL Debug.Build.0 = DLL Debug|Win32
		{DD24FA41-18C7-4FCA-9D3A-75DB443D4AB7}.DLL Release.ActiveCfg = DLL Release|Win32
		{DD24FA41-18C7-4FCA-9D3A-75DB443D4AB7}.DLL Release.Build.0 = DLL Release|Win32
		{DD24FA41-18C7-4FCA-9D3A-75DB443D4AB7}.LIB Debug.ActiveCfg = LIB Debug|Win32
		{DD24FA41-18C7-4FCA-9D3A-75DB443D4AB7}.LIB Debug.Build.0 = LIB Debug|Win32
		{DD24FA41-18C7-4FCA-9D3A-75DB443D4AB7}.LIB Release.ActiveCfg = LIB Release|Win32
		{DD24FA41-18C7-4FCA-9D3A-75DB443D4AB7}.LIB Release.Build.0 = LIB Release|Win32
		{DD24FA41-18C7-4FCA-9D3A-75DB443D4AB7}.using libcurl DLL Debug.ActiveCfg = DLL Debug|Win32
		{DD24FA41-18C7-4FCA-9D3A-75DB443D4AB7}.using libcurl DLL Debug.Build.0 = DLL Debug|Win32
		{DD24FA41-18C7-4FCA-9D3A-75DB443D4AB7}.using libcurl DLL Release.ActiveCfg = DLL Release|Win32
		{DD24FA41-18C7-4FCA-9D3A-75DB443D4AB7}.using libcurl DLL Release.Build.0 = DLL Release|Win32
		{DD24FA41-18C7-4FCA-9D3A-75DB443D4AB7}.using libcurl LIB Debug.ActiveCfg = LIB Debug|Win32
		{DD24FA41-18C7-4FCA-9D3A-75DB443D4AB7}.using libcurl LIB Debug.Build.0 = LIB Debug|Win32
		{DD24FA41-18C7-4FCA-9D3A-75DB443D4AB7}.using libcurl LIB Release.ActiveCfg = LIB Release|Win32
		{DD24FA41-18C7-4FCA-9D3A-75DB443D4AB7}.using libcurl LIB Release.Build.0 = LIB Release|Win32
		{71EF6EB8-693C-4A6F-B422-5847C287CA71}.DLL Debug.ActiveCfg = using libcurl DLL Debug|Win32
		{71EF6EB8-693C-4A6F-B422-5847C287CA71}.DLL Debug.Build.0 = using libcurl DLL Debug|Win32
		{71EF6EB8-693C-4A6F-B422-5847C287CA71}.DLL Release.ActiveCfg = using libcurl DLL Release|Win32
		{71EF6EB8-693C-4A6F-B422-5847C287CA71}.DLL Release.Build.0 = using libcurl DLL Release|Win32
		{71EF6EB8-693C-4A6F-B422-5847C287CA71}.LIB Debug.ActiveCfg = using libcurl LIB Debug|Win32
		{71EF6EB8-693C-4A6F-B422-5847C287CA71}.LIB Debug.Build.0 = using libcurl LIB Debug|Win32
		{71EF6EB8-693C-4A6F-B422-5847C287CA71}.LIB Release.ActiveCfg = using libcurl LIB Release|Win32
		{71EF6EB8-693C-4A6F-B422-5847C287CA71}.LIB Release.Build.0 = using libcurl LIB Release|Win32
		{71EF6EB8-693C-4A6F-B422-5847C287CA71}.using libcurl DLL Debug.ActiveCfg = using libcurl DLL Debug|Win32
		{71EF6EB8-693C-4A6F-B422-5847C287CA71}.using libcurl DLL Debug.Build.0 = using libcurl DLL Debug|Win32
		{71EF6EB8-693C-4A6F-B422-5847C287CA71}.using libcurl DLL Release.ActiveCfg = using libcurl DLL Release|Win32
		{71EF6EB8-693C-4A6F-B422-5847C287CA71}.using libcurl DLL Release.Build.0 = using libcurl DLL Release|Win32
		{71EF6EB8-693C-4A6F-B422-5847C287CA71}.using libcurl LIB Debug.ActiveCfg = using libcurl LIB Debug|Win32
		{71EF6EB8-693C-4A6F-B422-5847C287CA71}.using libcurl LIB Debug.Build.0 = using libcurl LIB Debug|Win32
		{71EF6EB8-693C-4A6F-B422-5847C287CA71}.using libcurl LIB Release.ActiveCfg = using libcurl LIB Release|Win32
		{71EF6EB8-693C-4A6F-B422-5847C287CA71}.using libcurl LIB Release.Build.0 = using libcurl LIB Release|Win32
	EndGlobalSection
	GlobalSection(ExtensibilityGlobals) = postSolution
	EndGlobalSection
	GlobalSection(ExtensibilityAddIns) = postSolution
	EndGlobalSection
EndGlobal
