
Microsoft Visual Studio Solution File, Format Version 10.00
# Visual Studio 2008
Project("{FAE04EC0-301F-11D3-BF4B-00C04F79EFBC}") = "ShowImage", "ShowImage\ShowImage.csproj", "{1CAD7094-A59A-4658-8CF3-12FF0C2E0431}"
EndProject
Global
	GlobalSection(SolutionConfigurationPlatforms) = preSolution
		Debug|Any CPU = Debug|Any CPU
		Release|Any CPU = Release|Any CPU
	EndGlobalSection
	GlobalSection(ProjectConfigurationPlatforms) = postSolution
		{1CAD7094-A59A-4658-8CF3-12FF0C2E0431}.Debug|Any CPU.ActiveCfg = Debug|Any CPU
		{1CAD7094-A59A-4658-8CF3-12FF0C2E0431}.Debug|Any CPU.Build.0 = Debug|Any CPU
		{1CAD7094-A59A-4658-8CF3-12FF0C2E0431}.Release|Any CPU.ActiveCfg = Release|Any CPU
		{1CAD7094-A59A-4658-8CF3-12FF0C2E0431}.Release|Any CPU.Build.0 = Release|Any CPU
	EndGlobalSection
	GlobalSection(SolutionProperties) = preSolution
		HideSolutionNode = FALSE
	EndGlobalSection
EndGlobal
