Microsoft Visual Studio Solution File, Format Version 8.00
Project("{8BC9CEB8-8B4A-11D0-8D11-00A0C91BC942}") = "fileVersionInfo", "fileVersionInfo.vcproj", "{9D79781E-801D-4FB6-8B18-3E76B7FA642F}"
	ProjectSection(ProjectDependencies) = postProject
	EndProjectSection
EndProject
Global
	GlobalSection(SolutionConfiguration) = preSolution
		Debug = Debug
		Release = Release
	EndGlobalSection
	GlobalSection(ProjectConfiguration) = postSolution
		{9D79781E-801D-4FB6-8B18-3E76B7FA642F}.Debug.ActiveCfg = Debug|Win32
		{9D79781E-801D-4FB6-8B18-3E76B7FA642F}.Debug.Build.0 = Debug|Win32
		{9D79781E-801D-4FB6-8B18-3E76B7FA642F}.Release.ActiveCfg = Release|Win32
		{9D79781E-801D-4FB6-8B18-3E76B7FA642F}.Release.Build.0 = Release|Win32
	EndGlobalSection
	GlobalSection(ExtensibilityGlobals) = postSolution
	EndGlobalSection
	GlobalSection(ExtensibilityAddIns) = postSolution
	EndGlobalSection
EndGlobal
