Microsoft Visual Studio Solution File, Format Version 8.00
Project("{8BC9CEB8-8B4A-11D0-8D11-00A0C91BC942}") = "apr", "..\..\apr\apr.vcproj", "{364B16F4-C7AC-4F09-A034-351F61E6299F}"
	ProjectSection(ProjectDependencies) = postProject
	EndProjectSection
EndProject
Project("{8BC9CEB8-8B4A-11D0-8D11-00A0C91BC942}") = "xml", "..\..\apr-util\xml\expat\lib\xml.vcproj", "{6A6FE5D7-E5A4-4FB0-8FCB-8536620E5D38}"
	ProjectSection(ProjectDependencies) = postProject
	EndProjectSection
EndProject
Project("{8BC9CEB8-8B4A-11D0-8D11-00A0C91BC942}") = "aprutil", "..\..\apr-util\aprutil.vcproj", "{8222F826-3F88-471E-A981-B168211CE886}"
	ProjectSection(ProjectDependencies) = postProject
		{6A6FE5D7-E5A4-4FB0-8FCB-8536620E5D38} = {6A6FE5D7-E5A4-4FB0-8FCB-8536620E5D38}
		{364B16F4-C7AC-4F09-A034-351F61E6299F} = {364B16F4-C7AC-4F09-A034-351F61E6299F}
	EndProjectSection
EndProject
Project("{8BC9CEB8-8B4A-11D0-8D11-00A0C91BC942}") = "log4cxx", "log4cxx.vcproj", "{67F49F3D-983F-4EB9-B5C8-BC602D1CC290}"
	ProjectSection(ProjectDependencies) = postProject
		{8222F826-3F88-471E-A981-B168211CE886} = {8222F826-3F88-471E-A981-B168211CE886}
		{6A6FE5D7-E5A4-4FB0-8FCB-8536620E5D38} = {6A6FE5D7-E5A4-4FB0-8FCB-8536620E5D38}
		{364B16F4-C7AC-4F09-A034-351F61E6299F} = {364B16F4-C7AC-4F09-A034-351F61E6299F}
	EndProjectSection
EndProject
Global
	GlobalSection(SolutionConfiguration) = preSolution
		Debug = Debug
		DebugNT = DebugNT
		Release = Release
		ReleaseNT = ReleaseNT
	EndGlobalSection
	GlobalSection(ProjectConfiguration) = postSolution
		{364B16F4-C7AC-4F09-A034-351F61E6299F}.Debug.ActiveCfg = Debug|Win32
		{364B16F4-C7AC-4F09-A034-351F61E6299F}.Debug.Build.0 = Debug|Win32
		{364B16F4-C7AC-4F09-A034-351F61E6299F}.DebugNT.ActiveCfg = DebugNT|Win32
		{364B16F4-C7AC-4F09-A034-351F61E6299F}.DebugNT.Build.0 = DebugNT|Win32
		{364B16F4-C7AC-4F09-A034-351F61E6299F}.Release.ActiveCfg = Release|Win32
		{364B16F4-C7AC-4F09-A034-351F61E6299F}.Release.Build.0 = Release|Win32
		{364B16F4-C7AC-4F09-A034-351F61E6299F}.ReleaseNT.ActiveCfg = ReleaseNT|Win32
		{364B16F4-C7AC-4F09-A034-351F61E6299F}.ReleaseNT.Build.0 = ReleaseNT|Win32
		{6A6FE5D7-E5A4-4FB0-8FCB-8536620E5D38}.Debug.ActiveCfg = Debug|Win32
		{6A6FE5D7-E5A4-4FB0-8FCB-8536620E5D38}.Debug.Build.0 = Debug|Win32
		{6A6FE5D7-E5A4-4FB0-8FCB-8536620E5D38}.DebugNT.ActiveCfg = Debug|Win32
		{6A6FE5D7-E5A4-4FB0-8FCB-8536620E5D38}.DebugNT.Build.0 = Debug|Win32
		{6A6FE5D7-E5A4-4FB0-8FCB-8536620E5D38}.Release.ActiveCfg = Release|Win32
		{6A6FE5D7-E5A4-4FB0-8FCB-8536620E5D38}.Release.Build.0 = Release|Win32
		{6A6FE5D7-E5A4-4FB0-8FCB-8536620E5D38}.ReleaseNT.ActiveCfg = Release|Win32
		{6A6FE5D7-E5A4-4FB0-8FCB-8536620E5D38}.ReleaseNT.Build.0 = Release|Win32
		{8222F826-3F88-471E-A981-B168211CE886}.Debug.ActiveCfg = Debug|Win32
		{8222F826-3F88-471E-A981-B168211CE886}.Debug.Build.0 = Debug|Win32
		{8222F826-3F88-471E-A981-B168211CE886}.DebugNT.ActiveCfg = Debug|Win32
		{8222F826-3F88-471E-A981-B168211CE886}.DebugNT.Build.0 = Debug|Win32
		{8222F826-3F88-471E-A981-B168211CE886}.Release.ActiveCfg = Release|Win32
		{8222F826-3F88-471E-A981-B168211CE886}.Release.Build.0 = Release|Win32
		{8222F826-3F88-471E-A981-B168211CE886}.ReleaseNT.ActiveCfg = Release|Win32
		{8222F826-3F88-471E-A981-B168211CE886}.ReleaseNT.Build.0 = Release|Win32
		{67F49F3D-983F-4EB9-B5C8-BC602D1CC290}.Debug.ActiveCfg = Debug|Win32
		{67F49F3D-983F-4EB9-B5C8-BC602D1CC290}.Debug.Build.0 = Debug|Win32
		{67F49F3D-983F-4EB9-B5C8-BC602D1CC290}.DebugNT.ActiveCfg = Debug|Win32
		{67F49F3D-983F-4EB9-B5C8-BC602D1CC290}.DebugNT.Build.0 = Debug|Win32
		{67F49F3D-983F-4EB9-B5C8-BC602D1CC290}.Release.ActiveCfg = Release|Win32
		{67F49F3D-983F-4EB9-B5C8-BC602D1CC290}.Release.Build.0 = Release|Win32
		{67F49F3D-983F-4EB9-B5C8-BC602D1CC290}.ReleaseNT.ActiveCfg = Release|Win32
		{67F49F3D-983F-4EB9-B5C8-BC602D1CC290}.ReleaseNT.Build.0 = Release|Win32
	EndGlobalSection
	GlobalSection(ExtensibilityGlobals) = postSolution
	EndGlobalSection
	GlobalSection(ExtensibilityAddIns) = postSolution
	EndGlobalSection
EndGlobal
